
Microsoft Visual Studio Solution File, Format Version 12.00
# Visual Studio 15
VisualStudioVersion = 15.0.28124.53
MinimumVisualStudioVersion = 10.0.40219.1
Project("{9A19103F-16F7-4668-BE54-9A1E7A4F7556}") = "P3.Logic.Surveillance", "P3.Logic.Surveillance\P3.Logic.Surveillance.csproj", "{FD6AFFB8-7382-4DE7-B491-8B30065EE768}"
EndProject
Project("{9A19103F-16F7-4668-BE54-9A1E7A4F7556}") = "P3.Logic.Surveillance.Tests", "P3.Logic.Surveillance.Tests\P3.Logic.Surveillance.Tests.csproj", "{BCCA7E26-EA48-4A4A-8799-3B5CB3338B52}"
EndProject
Global
	GlobalSection(SolutionConfigurationPlatforms) = preSolution
		Debug|Any CPU = Debug|Any CPU
		DebugLocal|Any CPU = DebugLocal|Any CPU
		Release|Any CPU = Release|Any CPU
	EndGlobalSection
	GlobalSection(ProjectConfigurationPlatforms) = postSolution
		{FD6AFFB8-7382-4DE7-B491-8B30065EE768}.Debug|Any CPU.ActiveCfg = Debug|Any CPU
		{FD6AFFB8-7382-4DE7-B491-8B30065EE768}.Debug|Any CPU.Build.0 = Debug|Any CPU
		{FD6AFFB8-7382-4DE7-B491-8B30065EE768}.DebugLocal|Any CPU.ActiveCfg = DebugLocal|Any CPU
		{FD6AFFB8-7382-4DE7-B491-8B30065EE768}.DebugLocal|Any CPU.Build.0 = DebugLocal|Any CPU
		{FD6AFFB8-7382-4DE7-B491-8B30065EE768}.Release|Any CPU.ActiveCfg = Release|Any CPU
		{FD6AFFB8-7382-4DE7-B491-8B30065EE768}.Release|Any CPU.Build.0 = Release|Any CPU
		{BCCA7E26-EA48-4A4A-8799-3B5CB3338B52}.Debug|Any CPU.ActiveCfg = Debug|Any CPU
		{BCCA7E26-EA48-4A4A-8799-3B5CB3338B52}.Debug|Any CPU.Build.0 = Debug|Any CPU
		{BCCA7E26-EA48-4A4A-8799-3B5CB3338B52}.DebugLocal|Any CPU.ActiveCfg = DebugLocal|Any CPU
		{BCCA7E26-EA48-4A4A-8799-3B5CB3338B52}.DebugLocal|Any CPU.Build.0 = DebugLocal|Any CPU
		{BCCA7E26-EA48-4A4A-8799-3B5CB3338B52}.Release|Any CPU.ActiveCfg = Release|Any CPU
		{BCCA7E26-EA48-4A4A-8799-3B5CB3338B52}.Release|Any CPU.Build.0 = Release|Any CPU
	EndGlobalSection
	GlobalSection(SolutionProperties) = preSolution
		HideSolutionNode = FALSE
	EndGlobalSection
	GlobalSection(ExtensibilityGlobals) = postSolution
		SolutionGuid = {75D0C301-EC27-4DEC-9A76-746023D8DABD}
	EndGlobalSection
EndGlobal
