
Microsoft Visual Studio Solution File, Format Version 12.00
# Visual Studio Version 16
VisualStudioVersion = 16.0.28701.123
MinimumVisualStudioVersion = 10.0.40219.1
Project("{9A19103F-16F7-4668-BE54-9A1E7A4F7556}") = "P3.Driver.Knx.DriverFactory", "P3.Driver.Knx.DriverFactory\P3.Driver.Knx.DriverFactory.csproj", "{4AC5C115-5709-475D-97CB-2ECFC1F3636D}"
EndProject
Project("{9A19103F-16F7-4668-BE54-9A1E7A4F7556}") = "P3.Knx.Core.Driver", "P3.Knx.Core.Driver\P3.Knx.Core.Driver.csproj", "{9FCFCD63-DA29-432B-BC77-B04B6F52FAFC}"
EndProject
Project("{9A19103F-16F7-4668-BE54-9A1E7A4F7556}") = "P3.Knx.Core.Ets", "P3.Knx.Core.Ets\P3.Knx.Core.Ets.csproj", "{AF274AE7-266C-4ED5-B1F2-E2A1C852DAA9}"
EndProject
Project("{9A19103F-16F7-4668-BE54-9A1E7A4F7556}") = "P3.Driver.Knx.Tests", "Tests\P3.Driver.Knx.Tests\P3.Driver.Knx.Tests.csproj", "{F1763E39-4D0D-4B08-84CE-7AD7B242DA57}"
EndProject
Project("{9A19103F-16F7-4668-BE54-9A1E7A4F7556}") = "P3.Knx.Core.Console", "Tests\P3.Knx.Core.Console\P3.Knx.Core.Console.csproj", "{459CEF01-B996-439F-96C7-45FBEB3ADE6B}"
EndProject
Project("{9A19103F-16F7-4668-BE54-9A1E7A4F7556}") = "P3.Knx.Core.Baos.Driver", "P3.Knx.Core.Baos.Driver\P3.Knx.Core.Baos.Driver.csproj", "{6161EB8C-4732-49C0-B629-A90635F733A5}"
EndProject
Project("{2150E333-8FDC-42A3-9474-1A3956D46DE8}") = "99 Test", "99 Test", "{BB13B1D0-2882-43BB-9575-EE137C3A48F8}"
EndProject
Project("{9A19103F-16F7-4668-BE54-9A1E7A4F7556}") = "P3.Knx.Core.Baos.Console", "P3.Knx.Core.Baos.Console\P3.Knx.Core.Baos.Console.csproj", "{0DB5429A-F485-44E7-BC34-A6501014499C}"
EndProject
Project("{9A19103F-16F7-4668-BE54-9A1E7A4F7556}") = "P3.Knx.Core.Baos.Tests", "Tests\P3.Knx.Core.Baos.Tests\P3.Knx.Core.Baos.Tests.csproj", "{19CC19F3-F2A9-4BE3-8E76-715B31537F35}"
EndProject
Project("{9A19103F-16F7-4668-BE54-9A1E7A4F7556}") = "P3.Knx.Core.Abstractions", "P3.Knx.Core.Abstractions\P3.Knx.Core.Abstractions.csproj", "{47A1690A-EF41-432A-A806-8BD86498A954}"
EndProject
Project("{2150E333-8FDC-42A3-9474-1A3956D46DE8}") = "00 Core", "00 Core", "{2E46FB2C-5522-40A9-9D31-1152A1DAA2BB}"
EndProject
Global
	GlobalSection(SolutionConfigurationPlatforms) = preSolution
		Debug|Any CPU = Debug|Any CPU
		DebugLocal|Any CPU = DebugLocal|Any CPU
		Release|Any CPU = Release|Any CPU
	EndGlobalSection
	GlobalSection(ProjectConfigurationPlatforms) = postSolution
		{4AC5C115-5709-475D-97CB-2ECFC1F3636D}.Debug|Any CPU.ActiveCfg = Debug|Any CPU
		{4AC5C115-5709-475D-97CB-2ECFC1F3636D}.Debug|Any CPU.Build.0 = Debug|Any CPU
		{4AC5C115-5709-475D-97CB-2ECFC1F3636D}.DebugLocal|Any CPU.ActiveCfg = DebugLocal|Any CPU
		{4AC5C115-5709-475D-97CB-2ECFC1F3636D}.DebugLocal|Any CPU.Build.0 = DebugLocal|Any CPU
		{4AC5C115-5709-475D-97CB-2ECFC1F3636D}.Release|Any CPU.ActiveCfg = Release|Any CPU
		{4AC5C115-5709-475D-97CB-2ECFC1F3636D}.Release|Any CPU.Build.0 = Release|Any CPU
		{9FCFCD63-DA29-432B-BC77-B04B6F52FAFC}.Debug|Any CPU.ActiveCfg = Debug|Any CPU
		{9FCFCD63-DA29-432B-BC77-B04B6F52FAFC}.Debug|Any CPU.Build.0 = Debug|Any CPU
		{9FCFCD63-DA29-432B-BC77-B04B6F52FAFC}.DebugLocal|Any CPU.ActiveCfg = DebugLocal|Any CPU
		{9FCFCD63-DA29-432B-BC77-B04B6F52FAFC}.DebugLocal|Any CPU.Build.0 = DebugLocal|Any CPU
		{9FCFCD63-DA29-432B-BC77-B04B6F52FAFC}.Release|Any CPU.ActiveCfg = Release|Any CPU
		{9FCFCD63-DA29-432B-BC77-B04B6F52FAFC}.Release|Any CPU.Build.0 = Release|Any CPU
		{AF274AE7-266C-4ED5-B1F2-E2A1C852DAA9}.Debug|Any CPU.ActiveCfg = Debug|Any CPU
		{AF274AE7-266C-4ED5-B1F2-E2A1C852DAA9}.Debug|Any CPU.Build.0 = Debug|Any CPU
		{AF274AE7-266C-4ED5-B1F2-E2A1C852DAA9}.DebugLocal|Any CPU.ActiveCfg = DebugLocal|Any CPU
		{AF274AE7-266C-4ED5-B1F2-E2A1C852DAA9}.DebugLocal|Any CPU.Build.0 = DebugLocal|Any CPU
		{AF274AE7-266C-4ED5-B1F2-E2A1C852DAA9}.Release|Any CPU.ActiveCfg = Release|Any CPU
		{AF274AE7-266C-4ED5-B1F2-E2A1C852DAA9}.Release|Any CPU.Build.0 = Release|Any CPU
		{F1763E39-4D0D-4B08-84CE-7AD7B242DA57}.Debug|Any CPU.ActiveCfg = Debug|Any CPU
		{F1763E39-4D0D-4B08-84CE-7AD7B242DA57}.Debug|Any CPU.Build.0 = Debug|Any CPU
		{F1763E39-4D0D-4B08-84CE-7AD7B242DA57}.DebugLocal|Any CPU.ActiveCfg = DebugLocal|Any CPU
		{F1763E39-4D0D-4B08-84CE-7AD7B242DA57}.DebugLocal|Any CPU.Build.0 = DebugLocal|Any CPU
		{F1763E39-4D0D-4B08-84CE-7AD7B242DA57}.Release|Any CPU.ActiveCfg = Release|Any CPU
		{F1763E39-4D0D-4B08-84CE-7AD7B242DA57}.Release|Any CPU.Build.0 = Release|Any CPU
		{459CEF01-B996-439F-96C7-45FBEB3ADE6B}.Debug|Any CPU.ActiveCfg = Debug|Any CPU
		{459CEF01-B996-439F-96C7-45FBEB3ADE6B}.Debug|Any CPU.Build.0 = Debug|Any CPU
		{459CEF01-B996-439F-96C7-45FBEB3ADE6B}.DebugLocal|Any CPU.ActiveCfg = DebugLocal|Any CPU
		{459CEF01-B996-439F-96C7-45FBEB3ADE6B}.DebugLocal|Any CPU.Build.0 = DebugLocal|Any CPU
		{459CEF01-B996-439F-96C7-45FBEB3ADE6B}.Release|Any CPU.ActiveCfg = Release|Any CPU
		{459CEF01-B996-439F-96C7-45FBEB3ADE6B}.Release|Any CPU.Build.0 = Release|Any CPU
		{6161EB8C-4732-49C0-B629-A90635F733A5}.Debug|Any CPU.ActiveCfg = Debug|Any CPU
		{6161EB8C-4732-49C0-B629-A90635F733A5}.Debug|Any CPU.Build.0 = Debug|Any CPU
		{6161EB8C-4732-49C0-B629-A90635F733A5}.DebugLocal|Any CPU.ActiveCfg = Debug|Any CPU
		{6161EB8C-4732-49C0-B629-A90635F733A5}.DebugLocal|Any CPU.Build.0 = Debug|Any CPU
		{6161EB8C-4732-49C0-B629-A90635F733A5}.Release|Any CPU.ActiveCfg = Release|Any CPU
		{6161EB8C-4732-49C0-B629-A90635F733A5}.Release|Any CPU.Build.0 = Release|Any CPU
		{0DB5429A-F485-44E7-BC34-A6501014499C}.Debug|Any CPU.ActiveCfg = Debug|Any CPU
		{0DB5429A-F485-44E7-BC34-A6501014499C}.Debug|Any CPU.Build.0 = Debug|Any CPU
		{0DB5429A-F485-44E7-BC34-A6501014499C}.DebugLocal|Any CPU.ActiveCfg = Debug|Any CPU
		{0DB5429A-F485-44E7-BC34-A6501014499C}.DebugLocal|Any CPU.Build.0 = Debug|Any CPU
		{0DB5429A-F485-44E7-BC34-A6501014499C}.Release|Any CPU.ActiveCfg = Release|Any CPU
		{0DB5429A-F485-44E7-BC34-A6501014499C}.Release|Any CPU.Build.0 = Release|Any CPU
		{19CC19F3-F2A9-4BE3-8E76-715B31537F35}.Debug|Any CPU.ActiveCfg = Debug|Any CPU
		{19CC19F3-F2A9-4BE3-8E76-715B31537F35}.Debug|Any CPU.Build.0 = Debug|Any CPU
		{19CC19F3-F2A9-4BE3-8E76-715B31537F35}.DebugLocal|Any CPU.ActiveCfg = Debug|Any CPU
		{19CC19F3-F2A9-4BE3-8E76-715B31537F35}.DebugLocal|Any CPU.Build.0 = Debug|Any CPU
		{19CC19F3-F2A9-4BE3-8E76-715B31537F35}.Release|Any CPU.ActiveCfg = Release|Any CPU
		{19CC19F3-F2A9-4BE3-8E76-715B31537F35}.Release|Any CPU.Build.0 = Release|Any CPU
		{47A1690A-EF41-432A-A806-8BD86498A954}.Debug|Any CPU.ActiveCfg = Debug|Any CPU
		{47A1690A-EF41-432A-A806-8BD86498A954}.Debug|Any CPU.Build.0 = Debug|Any CPU
		{47A1690A-EF41-432A-A806-8BD86498A954}.DebugLocal|Any CPU.ActiveCfg = Debug|Any CPU
		{47A1690A-EF41-432A-A806-8BD86498A954}.DebugLocal|Any CPU.Build.0 = Debug|Any CPU
		{47A1690A-EF41-432A-A806-8BD86498A954}.Release|Any CPU.ActiveCfg = Release|Any CPU
		{47A1690A-EF41-432A-A806-8BD86498A954}.Release|Any CPU.Build.0 = Release|Any CPU
	EndGlobalSection
	GlobalSection(SolutionProperties) = preSolution
		HideSolutionNode = FALSE
	EndGlobalSection
	GlobalSection(NestedProjects) = preSolution
		{4AC5C115-5709-475D-97CB-2ECFC1F3636D} = {2E46FB2C-5522-40A9-9D31-1152A1DAA2BB}
		{9FCFCD63-DA29-432B-BC77-B04B6F52FAFC} = {2E46FB2C-5522-40A9-9D31-1152A1DAA2BB}
		{AF274AE7-266C-4ED5-B1F2-E2A1C852DAA9} = {2E46FB2C-5522-40A9-9D31-1152A1DAA2BB}
		{F1763E39-4D0D-4B08-84CE-7AD7B242DA57} = {BB13B1D0-2882-43BB-9575-EE137C3A48F8}
		{459CEF01-B996-439F-96C7-45FBEB3ADE6B} = {BB13B1D0-2882-43BB-9575-EE137C3A48F8}
		{6161EB8C-4732-49C0-B629-A90635F733A5} = {2E46FB2C-5522-40A9-9D31-1152A1DAA2BB}
		{0DB5429A-F485-44E7-BC34-A6501014499C} = {BB13B1D0-2882-43BB-9575-EE137C3A48F8}
		{19CC19F3-F2A9-4BE3-8E76-715B31537F35} = {BB13B1D0-2882-43BB-9575-EE137C3A48F8}
		{47A1690A-EF41-432A-A806-8BD86498A954} = {2E46FB2C-5522-40A9-9D31-1152A1DAA2BB}
	EndGlobalSection
	GlobalSection(ExtensibilityGlobals) = postSolution
		SolutionGuid = {8AC487B5-995F-43E4-B26E-3DBD97DFAA45}
	EndGlobalSection
EndGlobal
