
Microsoft Visual Studio Solution File, Format Version 12.00
# Visual Studio Version 16
VisualStudioVersion = 16.0.28729.10
MinimumVisualStudioVersion = 10.0.40219.1
Project("{9A19103F-16F7-4668-BE54-9A1E7A4F7556}") = "Automatica.Core.Plugin.Standalone", "Automatica.Core.Plugin.Standalone.csproj", "{1AC2DC2E-7089-4424-82F5-C6BFF2646B81}"
EndProject
Global
	GlobalSection(SolutionConfigurationPlatforms) = preSolution
		Debug|Any CPU = Debug|Any CPU
		Release|Any CPU = Release|Any CPU
	EndGlobalSection
	GlobalSection(ProjectConfigurationPlatforms) = postSolution
		{1AC2DC2E-7089-4424-82F5-C6BFF2646B81}.Debug|Any CPU.ActiveCfg = Debug|Any CPU
		{1AC2DC2E-7089-4424-82F5-C6BFF2646B81}.Debug|Any CPU.Build.0 = Debug|Any CPU
		{1AC2DC2E-7089-4424-82F5-C6BFF2646B81}.Release|Any CPU.ActiveCfg = Release|Any CPU
		{1AC2DC2E-7089-4424-82F5-C6BFF2646B81}.Release|Any CPU.Build.0 = Release|Any CPU
	EndGlobalSection
	GlobalSection(SolutionProperties) = preSolution
		HideSolutionNode = FALSE
	EndGlobalSection
	GlobalSection(ExtensibilityGlobals) = postSolution
		SolutionGuid = {C51AAC77-4D5D-4097-AA91-147FBC7D646A}
	EndGlobalSection
EndGlobal
