
Microsoft Visual Studio Solution File, Format Version 12.00
# Visual Studio 15
VisualStudioVersion = 15.0.28124.53
MinimumVisualStudioVersion = 10.0.40219.1
Project("{9A19103F-16F7-4668-BE54-9A1E7A4F7556}") = "P3.Rule.Operations", "P3.Rule.Operations\P3.Rule.Operations.csproj", "{6888202B-8BB1-403B-8A92-AC2D204071CA}"
EndProject
Project("{9A19103F-16F7-4668-BE54-9A1E7A4F7556}") = "P3.Rule.Operations.Tests", "P3.Rule.Operations.Tests\P3.Rule.Operations.Tests.csproj", "{872FB579-E7DE-4BAE-B361-17D81B4D6EC3}"
EndProject
Global
	GlobalSection(SolutionConfigurationPlatforms) = preSolution
		Debug|Any CPU = Debug|Any CPU
		DebugLocal|Any CPU = DebugLocal|Any CPU
		Release|Any CPU = Release|Any CPU
	EndGlobalSection
	GlobalSection(ProjectConfigurationPlatforms) = postSolution
		{6888202B-8BB1-403B-8A92-AC2D204071CA}.Debug|Any CPU.ActiveCfg = Debug|Any CPU
		{6888202B-8BB1-403B-8A92-AC2D204071CA}.Debug|Any CPU.Build.0 = Debug|Any CPU
		{6888202B-8BB1-403B-8A92-AC2D204071CA}.DebugLocal|Any CPU.ActiveCfg = DebugLocal|Any CPU
		{6888202B-8BB1-403B-8A92-AC2D204071CA}.DebugLocal|Any CPU.Build.0 = DebugLocal|Any CPU
		{6888202B-8BB1-403B-8A92-AC2D204071CA}.Release|Any CPU.ActiveCfg = Release|Any CPU
		{6888202B-8BB1-403B-8A92-AC2D204071CA}.Release|Any CPU.Build.0 = Release|Any CPU
		{872FB579-E7DE-4BAE-B361-17D81B4D6EC3}.Debug|Any CPU.ActiveCfg = Debug|Any CPU
		{872FB579-E7DE-4BAE-B361-17D81B4D6EC3}.Debug|Any CPU.Build.0 = Debug|Any CPU
		{872FB579-E7DE-4BAE-B361-17D81B4D6EC3}.DebugLocal|Any CPU.ActiveCfg = DebugLocal|Any CPU
		{872FB579-E7DE-4BAE-B361-17D81B4D6EC3}.DebugLocal|Any CPU.Build.0 = DebugLocal|Any CPU
		{872FB579-E7DE-4BAE-B361-17D81B4D6EC3}.Release|Any CPU.ActiveCfg = Release|Any CPU
		{872FB579-E7DE-4BAE-B361-17D81B4D6EC3}.Release|Any CPU.Build.0 = Release|Any CPU
	EndGlobalSection
	GlobalSection(SolutionProperties) = preSolution
		HideSolutionNode = FALSE
	EndGlobalSection
	GlobalSection(ExtensibilityGlobals) = postSolution
		SolutionGuid = {49165754-61FA-482A-92BF-78E3800AB322}
	EndGlobalSection
EndGlobal
