
Microsoft Visual Studio Solution File, Format Version 12.00
# Visual Studio 15
VisualStudioVersion = 15.0.28124.53
MinimumVisualStudioVersion = 10.0.40219.1
Project("{9A19103F-16F7-4668-BE54-9A1E7A4F7556}") = "P3.Driver.ModBusDriverFactory", "P3.Driver.ModBusDriverFactory\P3.Driver.ModBusDriverFactory.csproj", "{1384CF90-B3A1-483E-87DE-97FBD28D3AFC}"
EndProject
Project("{9A19103F-16F7-4668-BE54-9A1E7A4F7556}") = "P3.Driver.ModBusDriver", "P3.Driver.ModBusDriver\P3.Driver.ModBusDriver.csproj", "{335DC61B-B5F8-402C-B3E1-320690E7B789}"
EndProject
Project("{9A19103F-16F7-4668-BE54-9A1E7A4F7556}") = "P3.Driver.ModBus.Tests", "Tests\P3.Driver.ModBus.Tests\P3.Driver.ModBus.Tests.csproj", "{D30AECB5-E1B8-4641-8D5A-D77B0C81ECAC}"
EndProject
Global
	GlobalSection(SolutionConfigurationPlatforms) = preSolution
		Debug|Any CPU = Debug|Any CPU
		DebugLocal|Any CPU = DebugLocal|Any CPU
		Release|Any CPU = Release|Any CPU
	EndGlobalSection
	GlobalSection(ProjectConfigurationPlatforms) = postSolution
		{1384CF90-B3A1-483E-87DE-97FBD28D3AFC}.Debug|Any CPU.ActiveCfg = Debug|Any CPU
		{1384CF90-B3A1-483E-87DE-97FBD28D3AFC}.Debug|Any CPU.Build.0 = Debug|Any CPU
		{1384CF90-B3A1-483E-87DE-97FBD28D3AFC}.DebugLocal|Any CPU.ActiveCfg = DebugLocal|Any CPU
		{1384CF90-B3A1-483E-87DE-97FBD28D3AFC}.DebugLocal|Any CPU.Build.0 = DebugLocal|Any CPU
		{1384CF90-B3A1-483E-87DE-97FBD28D3AFC}.Release|Any CPU.ActiveCfg = Release|Any CPU
		{1384CF90-B3A1-483E-87DE-97FBD28D3AFC}.Release|Any CPU.Build.0 = Release|Any CPU
		{335DC61B-B5F8-402C-B3E1-320690E7B789}.Debug|Any CPU.ActiveCfg = Debug|Any CPU
		{335DC61B-B5F8-402C-B3E1-320690E7B789}.Debug|Any CPU.Build.0 = Debug|Any CPU
		{335DC61B-B5F8-402C-B3E1-320690E7B789}.DebugLocal|Any CPU.ActiveCfg = DebugLocal|Any CPU
		{335DC61B-B5F8-402C-B3E1-320690E7B789}.DebugLocal|Any CPU.Build.0 = DebugLocal|Any CPU
		{335DC61B-B5F8-402C-B3E1-320690E7B789}.Release|Any CPU.ActiveCfg = Release|Any CPU
		{335DC61B-B5F8-402C-B3E1-320690E7B789}.Release|Any CPU.Build.0 = Release|Any CPU
		{D30AECB5-E1B8-4641-8D5A-D77B0C81ECAC}.Debug|Any CPU.ActiveCfg = Debug|Any CPU
		{D30AECB5-E1B8-4641-8D5A-D77B0C81ECAC}.Debug|Any CPU.Build.0 = Debug|Any CPU
		{D30AECB5-E1B8-4641-8D5A-D77B0C81ECAC}.DebugLocal|Any CPU.ActiveCfg = DebugLocal|Any CPU
		{D30AECB5-E1B8-4641-8D5A-D77B0C81ECAC}.DebugLocal|Any CPU.Build.0 = DebugLocal|Any CPU
		{D30AECB5-E1B8-4641-8D5A-D77B0C81ECAC}.Release|Any CPU.ActiveCfg = Release|Any CPU
		{D30AECB5-E1B8-4641-8D5A-D77B0C81ECAC}.Release|Any CPU.Build.0 = Release|Any CPU
	EndGlobalSection
	GlobalSection(SolutionProperties) = preSolution
		HideSolutionNode = FALSE
	EndGlobalSection
	GlobalSection(ExtensibilityGlobals) = postSolution
		SolutionGuid = {C570E20A-C00A-453A-A0DF-6E871A2D3102}
	EndGlobalSection
EndGlobal
