
Microsoft Visual Studio Solution File, Format Version 12.00
# Visual Studio Version 17
VisualStudioVersion = 17.4.33110.190
MinimumVisualStudioVersion = 10.0.40219.1
Project("{9A19103F-16F7-4668-BE54-9A1E7A4F7556}") = "P3.Driver.VkingBms.DriverFactory", "P3.Driver.VkingBms.DriverFactory\P3.Driver.VkingBms.DriverFactory.csproj", "{2958669F-DBA7-4B06-9464-93F5DFF772DC}"
EndProject
Project("{9A19103F-16F7-4668-BE54-9A1E7A4F7556}") = "P3.Driver.VkingBms.Tests", "Tests\P3.Driver.VkingBms.Tests\P3.Driver.VkingBms.Tests.csproj", "{B58486A1-6905-4A9E-ABB1-6053E795F529}"
EndProject
Project("{9A19103F-16F7-4668-BE54-9A1E7A4F7556}") = "P3.Driver.VkingBms.Driver", "P3.Driver.VkingBms.Driver\P3.Driver.VkingBms.Driver.csproj", "{89E593F9-9C9C-4C2B-8F6A-6BC8AC722380}"
EndProject
Project("{FAE04EC0-301F-11D3-BF4B-00C04F79EFBC}") = "Vking.Console", "Tests\Vking.Console\Vking.Console.csproj", "{512DD450-A352-4BE5-A40E-D23BD96B0B96}"
EndProject
Global
	GlobalSection(SolutionConfigurationPlatforms) = preSolution
		Debug|Any CPU = Debug|Any CPU
		DebugLocal|Any CPU = DebugLocal|Any CPU
		Release|Any CPU = Release|Any CPU
	EndGlobalSection
	GlobalSection(ProjectConfigurationPlatforms) = postSolution
		{2958669F-DBA7-4B06-9464-93F5DFF772DC}.Debug|Any CPU.ActiveCfg = Debug|Any CPU
		{2958669F-DBA7-4B06-9464-93F5DFF772DC}.Debug|Any CPU.Build.0 = Debug|Any CPU
		{2958669F-DBA7-4B06-9464-93F5DFF772DC}.DebugLocal|Any CPU.ActiveCfg = DebugLocal|Any CPU
		{2958669F-DBA7-4B06-9464-93F5DFF772DC}.DebugLocal|Any CPU.Build.0 = DebugLocal|Any CPU
		{2958669F-DBA7-4B06-9464-93F5DFF772DC}.Release|Any CPU.ActiveCfg = Release|Any CPU
		{2958669F-DBA7-4B06-9464-93F5DFF772DC}.Release|Any CPU.Build.0 = Release|Any CPU
		{B58486A1-6905-4A9E-ABB1-6053E795F529}.Debug|Any CPU.ActiveCfg = Debug|Any CPU
		{B58486A1-6905-4A9E-ABB1-6053E795F529}.Debug|Any CPU.Build.0 = Debug|Any CPU
		{B58486A1-6905-4A9E-ABB1-6053E795F529}.DebugLocal|Any CPU.ActiveCfg = DebugLocal|Any CPU
		{B58486A1-6905-4A9E-ABB1-6053E795F529}.DebugLocal|Any CPU.Build.0 = DebugLocal|Any CPU
		{B58486A1-6905-4A9E-ABB1-6053E795F529}.Release|Any CPU.ActiveCfg = Release|Any CPU
		{B58486A1-6905-4A9E-ABB1-6053E795F529}.Release|Any CPU.Build.0 = Release|Any CPU
		{89E593F9-9C9C-4C2B-8F6A-6BC8AC722380}.Debug|Any CPU.ActiveCfg = Debug|Any CPU
		{89E593F9-9C9C-4C2B-8F6A-6BC8AC722380}.Debug|Any CPU.Build.0 = Debug|Any CPU
		{89E593F9-9C9C-4C2B-8F6A-6BC8AC722380}.DebugLocal|Any CPU.ActiveCfg = Debug|Any CPU
		{89E593F9-9C9C-4C2B-8F6A-6BC8AC722380}.DebugLocal|Any CPU.Build.0 = Debug|Any CPU
		{89E593F9-9C9C-4C2B-8F6A-6BC8AC722380}.Release|Any CPU.ActiveCfg = Release|Any CPU
		{89E593F9-9C9C-4C2B-8F6A-6BC8AC722380}.Release|Any CPU.Build.0 = Release|Any CPU
		{512DD450-A352-4BE5-A40E-D23BD96B0B96}.Debug|Any CPU.ActiveCfg = Debug|Any CPU
		{512DD450-A352-4BE5-A40E-D23BD96B0B96}.Debug|Any CPU.Build.0 = Debug|Any CPU
		{512DD450-A352-4BE5-A40E-D23BD96B0B96}.DebugLocal|Any CPU.ActiveCfg = Debug|Any CPU
		{512DD450-A352-4BE5-A40E-D23BD96B0B96}.DebugLocal|Any CPU.Build.0 = Debug|Any CPU
		{512DD450-A352-4BE5-A40E-D23BD96B0B96}.Release|Any CPU.ActiveCfg = Release|Any CPU
		{512DD450-A352-4BE5-A40E-D23BD96B0B96}.Release|Any CPU.Build.0 = Release|Any CPU
	EndGlobalSection
	GlobalSection(SolutionProperties) = preSolution
		HideSolutionNode = FALSE
	EndGlobalSection
	GlobalSection(ExtensibilityGlobals) = postSolution
		SolutionGuid = {BD91F5C5-A0CB-4243-8D4E-E04A2D844200}
	EndGlobalSection
EndGlobal
