
Microsoft Visual Studio Solution File, Format Version 12.00
# Visual Studio 15
VisualStudioVersion = 15.0.28124.53
MinimumVisualStudioVersion = 10.0.40219.1
Project("{9A19103F-16F7-4668-BE54-9A1E7A4F7556}") = "P3.Logic.Compare.BaseOperations", "P3.Logic.Compare.BaseOperations\P3.Logic.Compare.BaseOperations.csproj", "{6C397990-0876-4A37-940E-A3E7A6EE13D6}"
EndProject
Project("{9A19103F-16F7-4668-BE54-9A1E7A4F7556}") = "P3.Logic.Compare.BaseOperations.Tests", "P3.Logic.Compare.BaseOperations.Test\P3.Logic.Compare.BaseOperations.Tests.csproj", "{67268D2D-5563-4159-B6F4-DDC3746A3519}"
EndProject
Global
	GlobalSection(SolutionConfigurationPlatforms) = preSolution
		Debug|Any CPU = Debug|Any CPU
		DebugLocal|Any CPU = DebugLocal|Any CPU
		Release|Any CPU = Release|Any CPU
	EndGlobalSection
	GlobalSection(ProjectConfigurationPlatforms) = postSolution
		{6C397990-0876-4A37-940E-A3E7A6EE13D6}.Debug|Any CPU.ActiveCfg = Debug|Any CPU
		{6C397990-0876-4A37-940E-A3E7A6EE13D6}.Debug|Any CPU.Build.0 = Debug|Any CPU
		{6C397990-0876-4A37-940E-A3E7A6EE13D6}.DebugLocal|Any CPU.ActiveCfg = DebugLocal|Any CPU
		{6C397990-0876-4A37-940E-A3E7A6EE13D6}.DebugLocal|Any CPU.Build.0 = DebugLocal|Any CPU
		{6C397990-0876-4A37-940E-A3E7A6EE13D6}.Release|Any CPU.ActiveCfg = Release|Any CPU
		{6C397990-0876-4A37-940E-A3E7A6EE13D6}.Release|Any CPU.Build.0 = Release|Any CPU
		{67268D2D-5563-4159-B6F4-DDC3746A3519}.Debug|Any CPU.ActiveCfg = Debug|Any CPU
		{67268D2D-5563-4159-B6F4-DDC3746A3519}.Debug|Any CPU.Build.0 = Debug|Any CPU
		{67268D2D-5563-4159-B6F4-DDC3746A3519}.DebugLocal|Any CPU.ActiveCfg = DebugLocal|Any CPU
		{67268D2D-5563-4159-B6F4-DDC3746A3519}.DebugLocal|Any CPU.Build.0 = DebugLocal|Any CPU
		{67268D2D-5563-4159-B6F4-DDC3746A3519}.Release|Any CPU.ActiveCfg = Release|Any CPU
		{67268D2D-5563-4159-B6F4-DDC3746A3519}.Release|Any CPU.Build.0 = Release|Any CPU
	EndGlobalSection
	GlobalSection(SolutionProperties) = preSolution
		HideSolutionNode = FALSE
	EndGlobalSection
	GlobalSection(ExtensibilityGlobals) = postSolution
		SolutionGuid = {3BB8CF45-6388-4C08-9ADF-C267414C8EE8}
	EndGlobalSection
EndGlobal
