Microsoft Visual Studio Solution File, Format Version 12.00
# Visual Studio Version 17
VisualStudioVersion = 17.4.33110.190
MinimumVisualStudioVersion = 10.0.40219.1
Project("{9A19103F-16F7-4668-BE54-9A1E7A4F7556}") = "P3.Driver.FroniusSolarFactory", "P3.Driver.FroniusSolarFactory\P3.Driver.FroniusSolarFactory.csproj", "{4D9A5074-1617-4E64-87A1-071FE59E0302}"
EndProject
Project("{2150E333-8FDC-42A3-9474-1A3956D46DE8}") = "Tests", "Tests", "{4775D7B5-C084-4AE6-A751-44EE490B363F}"
EndProject
Project("{9A19103F-16F7-4668-BE54-9A1E7A4F7556}") = "FroniusSolarConsoleTest", "Tests\FroniusSolarConsoleTest\FroniusSolarConsoleTest.csproj", "{8001BF70-DBA4-4595-8C42-F8631A77C1BC}"
EndProject
Global
	GlobalSection(SolutionConfigurationPlatforms) = preSolution
		Debug|Any CPU = Debug|Any CPU
		Release|Any CPU = Release|Any CPU
	EndGlobalSection
	GlobalSection(ProjectConfigurationPlatforms) = postSolution
		{4D9A5074-1617-4E64-87A1-071FE59E0302}.Debug|Any CPU.ActiveCfg = Debug|Any CPU
		{4D9A5074-1617-4E64-87A1-071FE59E0302}.Debug|Any CPU.Build.0 = Debug|Any CPU
		{4D9A5074-1617-4E64-87A1-071FE59E0302}.Release|Any CPU.ActiveCfg = Release|Any CPU
		{4D9A5074-1617-4E64-87A1-071FE59E0302}.Release|Any CPU.Build.0 = Release|Any CPU
		{8001BF70-DBA4-4595-8C42-F8631A77C1BC}.Debug|Any CPU.ActiveCfg = Debug|Any CPU
		{8001BF70-DBA4-4595-8C42-F8631A77C1BC}.Debug|Any CPU.Build.0 = Debug|Any CPU
		{8001BF70-DBA4-4595-8C42-F8631A77C1BC}.Release|Any CPU.ActiveCfg = Release|Any CPU
		{8001BF70-DBA4-4595-8C42-F8631A77C1BC}.Release|Any CPU.Build.0 = Release|Any CPU
	EndGlobalSection
	GlobalSection(SolutionProperties) = preSolution
		HideSolutionNode = FALSE
	EndGlobalSection
	GlobalSection(NestedProjects) = preSolution
		{8001BF70-DBA4-4595-8C42-F8631A77C1BC} = {4775D7B5-C084-4AE6-A751-44EE490B363F}
	EndGlobalSection
	GlobalSection(ExtensibilityGlobals) = postSolution
		SolutionGuid = {B60AC37E-67D6-4A77-9009-CF254B55B730}
	EndGlobalSection
EndGlobal
