
Microsoft Visual Studio Solution File, Format Version 12.00
# Visual Studio 15
VisualStudioVersion = 15.0.28124.53
MinimumVisualStudioVersion = 10.0.40219.1
Project("{9A19103F-16F7-4668-BE54-9A1E7A4F7556}") = "P3.Driver.Automatica.Remote", "Automatica.Remote\P3.Driver.Automatica.Remote.csproj", "{44A70735-8865-4DB9-9B4D-6225126E9B14}"
EndProject
Global
	GlobalSection(SolutionConfigurationPlatforms) = preSolution
		Debug|Any CPU = Debug|Any CPU
		DebugLocal|Any CPU = DebugLocal|Any CPU
		Release|Any CPU = Release|Any CPU
	EndGlobalSection
	GlobalSection(ProjectConfigurationPlatforms) = postSolution
		{44A70735-8865-4DB9-9B4D-6225126E9B14}.Debug|Any CPU.ActiveCfg = Debug|Any CPU
		{44A70735-8865-4DB9-9B4D-6225126E9B14}.Debug|Any CPU.Build.0 = Debug|Any CPU
		{44A70735-8865-4DB9-9B4D-6225126E9B14}.DebugLocal|Any CPU.ActiveCfg = DebugLocal|Any CPU
		{44A70735-8865-4DB9-9B4D-6225126E9B14}.DebugLocal|Any CPU.Build.0 = DebugLocal|Any CPU
		{44A70735-8865-4DB9-9B4D-6225126E9B14}.Release|Any CPU.ActiveCfg = Release|Any CPU
		{44A70735-8865-4DB9-9B4D-6225126E9B14}.Release|Any CPU.Build.0 = Release|Any CPU
	EndGlobalSection
	GlobalSection(SolutionProperties) = preSolution
		HideSolutionNode = FALSE
	EndGlobalSection
	GlobalSection(ExtensibilityGlobals) = postSolution
		SolutionGuid = {6587B382-EA32-4707-8D11-A4558D5CFFEA}
	EndGlobalSection
EndGlobal
