
Microsoft Visual Studio Solution File, Format Version 12.00
# Visual Studio 15
VisualStudioVersion = 15.0.28124.53
MinimumVisualStudioVersion = 10.0.40219.1
Project("{9A19103F-16F7-4668-BE54-9A1E7A4F7556}") = "P3.Driver.OpenWeatherMap.DriverFactory", "P3.Driver.OpenWeatherMap.Driver\P3.Driver.OpenWeatherMap.DriverFactory.csproj", "{638597FF-636C-4F82-949C-02A45F291571}"
EndProject
Project("{9A19103F-16F7-4668-BE54-9A1E7A4F7556}") = "P3.Driver.OpenWeather.Console", "P3.Driver.OpenWeather.Console\P3.Driver.OpenWeather.Console.csproj", "{2054B921-BDB0-48AC-8D8E-9209F56C49BC}"
EndProject
Global
	GlobalSection(SolutionConfigurationPlatforms) = preSolution
		Debug|Any CPU = Debug|Any CPU
		Release|Any CPU = Release|Any CPU
	EndGlobalSection
	GlobalSection(ProjectConfigurationPlatforms) = postSolution
		{638597FF-636C-4F82-949C-02A45F291571}.Debug|Any CPU.ActiveCfg = Debug|Any CPU
		{638597FF-636C-4F82-949C-02A45F291571}.Debug|Any CPU.Build.0 = Debug|Any CPU
		{638597FF-636C-4F82-949C-02A45F291571}.Release|Any CPU.ActiveCfg = Release|Any CPU
		{638597FF-636C-4F82-949C-02A45F291571}.Release|Any CPU.Build.0 = Release|Any CPU
		{2054B921-BDB0-48AC-8D8E-9209F56C49BC}.Debug|Any CPU.ActiveCfg = Debug|Any CPU
		{2054B921-BDB0-48AC-8D8E-9209F56C49BC}.Debug|Any CPU.Build.0 = Debug|Any CPU
		{2054B921-BDB0-48AC-8D8E-9209F56C49BC}.Release|Any CPU.ActiveCfg = Release|Any CPU
		{2054B921-BDB0-48AC-8D8E-9209F56C49BC}.Release|Any CPU.Build.0 = Release|Any CPU
	EndGlobalSection
	GlobalSection(SolutionProperties) = preSolution
		HideSolutionNode = FALSE
	EndGlobalSection
	GlobalSection(ExtensibilityGlobals) = postSolution
		SolutionGuid = {CFCBC563-FA14-483C-A9D6-5F91ACE0AF11}
	EndGlobalSection
EndGlobal
