
Microsoft Visual Studio Solution File, Format Version 12.00
# Visual Studio Version 16
VisualStudioVersion = 16.0.28729.10
MinimumVisualStudioVersion = 15.0.26124.0
Project("{9A19103F-16F7-4668-BE54-9A1E7A4F7556}") = "Automatica.Core.WebApi", "Automatica.Core.WebApi\Automatica.Core.WebApi.csproj", "{50D44EF3-6768-4C8D-9AA7-87016FB3FDEE}"
EndProject
Project("{9A19103F-16F7-4668-BE54-9A1E7A4F7556}") = "Automatica.Core.EF", "Automatica.Core.EF\Automatica.Core.EF.csproj", "{CB99914A-2CF8-4047-8D63-8E760BA303A1}"
EndProject
Project("{9A19103F-16F7-4668-BE54-9A1E7A4F7556}") = "Automatica.Core", "Automatica.Core\Automatica.Core.csproj", "{D659A788-2D0C-4E2D-8774-998BF4F3080B}"
EndProject
Project("{9A19103F-16F7-4668-BE54-9A1E7A4F7556}") = "Automatica.Core.Runtime", "Automatica.Core.Runtime\Automatica.Core.Runtime.csproj", "{A07B806E-69D6-452D-BB29-7ED80501C39F}"
EndProject
Project("{2150E333-8FDC-42A3-9474-1A3956D46DE8}") = "10 Driver", "10 Driver", "{32B57AF0-2425-455C-8EF3-69F065FBCEC3}"
EndProject
Project("{9A19103F-16F7-4668-BE54-9A1E7A4F7556}") = "Automatica.Core.Driver.Utility", "Automatica.Core.Driver.Utility\Automatica.Core.Driver.Utility.csproj", "{8544FAAC-CC7F-4330-9C19-61A6FC91182C}"
EndProject
Project("{2150E333-8FDC-42A3-9474-1A3956D46DE8}") = "90 Tests", "90 Tests", "{A3E4A45C-870F-4A7D-A969-ABF3051D76B8}"
EndProject
Project("{2150E333-8FDC-42A3-9474-1A3956D46DE8}") = "00 Core", "00 Core", "{AB29E770-A012-4773-823B-51F696E3B4F6}"
EndProject
Project("{9A19103F-16F7-4668-BE54-9A1E7A4F7556}") = "Automatica.Core.Tests", "Automatica.Core.Tests\Automatica.Core.Tests.csproj", "{7EB1AA44-A1A3-4141-A15F-B1790E27B43E}"
EndProject
Project("{2150E333-8FDC-42A3-9474-1A3956D46DE8}") = "Utils", "Utils", "{01E27EE4-40D2-4030-ADF6-12FB9037FF20}"
EndProject
Project("{9A19103F-16F7-4668-BE54-9A1E7A4F7556}") = "Automatica.Core.Driver", "Automatica.Core.Driver\Automatica.Core.Driver.csproj", "{BCC1EC6F-8FCF-45CB-87FF-5744693A9ED4}"
EndProject
Project("{9A19103F-16F7-4668-BE54-9A1E7A4F7556}") = "Automatica.Core.Base", "Automatica.Core.Base\Automatica.Core.Base.csproj", "{EFBC4EED-183B-4E60-8E6D-A1753CBE42FA}"
EndProject
Project("{9A19103F-16F7-4668-BE54-9A1E7A4F7556}") = "Automatica.Push", "Automatica.Push\Automatica.Push.csproj", "{54D90188-19AB-4FA3-8F25-878D11C92D4D}"
EndProject
Project("{9A19103F-16F7-4668-BE54-9A1E7A4F7556}") = "Automatica.Core.Rule", "Automatica.Core.Rule\Automatica.Core.Rule.csproj", "{91142F5E-C914-4738-86FE-2BDA3D4B9509}"
EndProject
Project("{9A19103F-16F7-4668-BE54-9A1E7A4F7556}") = "Automatica.Core.UnitTests.Base", "Automatica.Core.UnitTests\Automatica.Core.UnitTests.Base.csproj", "{C7BD55D0-CF95-4410-BC9B-7AD6794B814F}"
EndProject
Project("{2150E333-8FDC-42A3-9474-1A3956D46DE8}") = "KNX", "KNX", "{D71DD65D-7562-4439-93D6-3D295E5DACC5}"
EndProject
Project("{9A19103F-16F7-4668-BE54-9A1E7A4F7556}") = "Automatica.Core.Visu", "Automatica.Core.Visu\Automatica.Core.Visu.csproj", "{5255E1AB-7DEE-423D-9538-8B087D3B0ECC}"
EndProject
Project("{9A19103F-16F7-4668-BE54-9A1E7A4F7556}") = "Automatica.Discovery", "Automatica.Discovery\Automatica.Discovery.csproj", "{14F0A52F-4A52-456E-B3A6-D157ED90ED78}"
EndProject
Project("{2150E333-8FDC-42A3-9474-1A3956D46DE8}") = "99 CI", "99 CI", "{521502EB-BC8A-48EA-BDF7-57E80244E5D9}"
EndProject
Project("{9A19103F-16F7-4668-BE54-9A1E7A4F7556}") = "Automatica.Core.CI.CreateDatabase", "CI\Automatica.Core.CI.CreateDatabase\Automatica.Core.CI.CreateDatabase.csproj", "{285604C0-3A87-49EF-9A06-A4EE0B17D63A}"
EndProject
Project("{9A19103F-16F7-4668-BE54-9A1E7A4F7556}") = "Automatica.Core.Watchdog", "Automatica.Core.Watchdog\Automatica.Core.Watchdog.csproj", "{78F9C09E-3660-4EDA-8FA7-19AC110D78D3}"
EndProject
Project("{9A19103F-16F7-4668-BE54-9A1E7A4F7556}") = "P3.Knx.Core.Ets", "Drivers\Knx\P3.Knx.Core.Ets\P3.Knx.Core.Ets.csproj", "{AF274AE7-266C-4ED5-B1F2-E2A1C852DAA9}"
EndProject
Project("{9A19103F-16F7-4668-BE54-9A1E7A4F7556}") = "Automatica.Core.Doc", "Automatica.Core.Doc\Automatica.Core.Doc.csproj", "{7A5F288E-07FD-450B-9C14-11C8AEDD2B06}"
EndProject
Project("{9A19103F-16F7-4668-BE54-9A1E7A4F7556}") = "Automatica.Core.Internals", "Automatica.Core.Internals\Automatica.Core.Internals.csproj", "{50941279-838E-4EDB-BF56-19667FD05DD0}"
EndProject
Project("{2150E333-8FDC-42A3-9474-1A3956D46DE8}") = "20 Update", "20 Update", "{35512787-AF95-4631-B520-B1D589AFD231}"
EndProject
Project("{9A19103F-16F7-4668-BE54-9A1E7A4F7556}") = "Automatica.Core.Bootloader", "Automatica.Core.Bootloader\Automatica.Core.Bootloader.csproj", "{955D49EB-643A-4237-99A4-DF5CB90CECB1}"
EndProject
Project("{9A19103F-16F7-4668-BE54-9A1E7A4F7556}") = "Automatica.Core.Common.Update", "Automatica.Core.Common.Update\Automatica.Core.Common.Update.csproj", "{476563EE-BA0F-4775-B82F-B4583CBD0758}"
EndProject
Project("{9A19103F-16F7-4668-BE54-9A1E7A4F7556}") = "Automatica.Core.Model", "Automatica.Core.Model\Automatica.Core.Model.csproj", "{4234F78C-3F64-4233-80C5-913F74579DCA}"
EndProject
Project("{2150E333-8FDC-42A3-9474-1A3956D46DE8}") = "01 Docker", "01 Docker", "{0E8F2789-3E5E-4A2B-B2AA-C82C55E1EDBE}"
EndProject
Project("{9A19103F-16F7-4668-BE54-9A1E7A4F7556}") = "Automatica.Core.Plugin.Standalone", "Automatica.Core.Plugin.Standalone\Automatica.Core.Plugin.Standalone.csproj", "{06ED557C-412F-45EA-8782-74C65B326B12}"
EndProject
Global
	GlobalSection(SolutionConfigurationPlatforms) = preSolution
		Debug|Any CPU = Debug|Any CPU
		Debug|x64 = Debug|x64
		Debug|x86 = Debug|x86
		DebugLocal|Any CPU = DebugLocal|Any CPU
		DebugLocal|x64 = DebugLocal|x64
		DebugLocal|x86 = DebugLocal|x86
		DebugTests|Any CPU = DebugTests|Any CPU
		DebugTests|x64 = DebugTests|x64
		DebugTests|x86 = DebugTests|x86
		Release|Any CPU = Release|Any CPU
		Release|x64 = Release|x64
		Release|x86 = Release|x86
	EndGlobalSection
	GlobalSection(ProjectConfigurationPlatforms) = postSolution
		{50D44EF3-6768-4C8D-9AA7-87016FB3FDEE}.Debug|Any CPU.ActiveCfg = Debug|Any CPU
		{50D44EF3-6768-4C8D-9AA7-87016FB3FDEE}.Debug|Any CPU.Build.0 = Debug|Any CPU
		{50D44EF3-6768-4C8D-9AA7-87016FB3FDEE}.Debug|x64.ActiveCfg = Debug|Any CPU
		{50D44EF3-6768-4C8D-9AA7-87016FB3FDEE}.Debug|x64.Build.0 = Debug|Any CPU
		{50D44EF3-6768-4C8D-9AA7-87016FB3FDEE}.Debug|x86.ActiveCfg = Debug|Any CPU
		{50D44EF3-6768-4C8D-9AA7-87016FB3FDEE}.Debug|x86.Build.0 = Debug|Any CPU
		{50D44EF3-6768-4C8D-9AA7-87016FB3FDEE}.DebugLocal|Any CPU.ActiveCfg = DebugLocal|Any CPU
		{50D44EF3-6768-4C8D-9AA7-87016FB3FDEE}.DebugLocal|Any CPU.Build.0 = DebugLocal|Any CPU
		{50D44EF3-6768-4C8D-9AA7-87016FB3FDEE}.DebugLocal|x64.ActiveCfg = DebugLocal|Any CPU
		{50D44EF3-6768-4C8D-9AA7-87016FB3FDEE}.DebugLocal|x64.Build.0 = DebugLocal|Any CPU
		{50D44EF3-6768-4C8D-9AA7-87016FB3FDEE}.DebugLocal|x86.ActiveCfg = DebugLocal|Any CPU
		{50D44EF3-6768-4C8D-9AA7-87016FB3FDEE}.DebugLocal|x86.Build.0 = DebugLocal|Any CPU
		{50D44EF3-6768-4C8D-9AA7-87016FB3FDEE}.DebugTests|Any CPU.ActiveCfg = DebugLocal|Any CPU
		{50D44EF3-6768-4C8D-9AA7-87016FB3FDEE}.DebugTests|Any CPU.Build.0 = DebugLocal|Any CPU
		{50D44EF3-6768-4C8D-9AA7-87016FB3FDEE}.DebugTests|x64.ActiveCfg = DebugLocal|Any CPU
		{50D44EF3-6768-4C8D-9AA7-87016FB3FDEE}.DebugTests|x64.Build.0 = DebugLocal|Any CPU
		{50D44EF3-6768-4C8D-9AA7-87016FB3FDEE}.DebugTests|x86.ActiveCfg = DebugLocal|Any CPU
		{50D44EF3-6768-4C8D-9AA7-87016FB3FDEE}.DebugTests|x86.Build.0 = DebugLocal|Any CPU
		{50D44EF3-6768-4C8D-9AA7-87016FB3FDEE}.Release|Any CPU.ActiveCfg = Release|Any CPU
		{50D44EF3-6768-4C8D-9AA7-87016FB3FDEE}.Release|Any CPU.Build.0 = Release|Any CPU
		{50D44EF3-6768-4C8D-9AA7-87016FB3FDEE}.Release|x64.ActiveCfg = Release|Any CPU
		{50D44EF3-6768-4C8D-9AA7-87016FB3FDEE}.Release|x64.Build.0 = Release|Any CPU
		{50D44EF3-6768-4C8D-9AA7-87016FB3FDEE}.Release|x86.ActiveCfg = Release|Any CPU
		{50D44EF3-6768-4C8D-9AA7-87016FB3FDEE}.Release|x86.Build.0 = Release|Any CPU
		{CB99914A-2CF8-4047-8D63-8E760BA303A1}.Debug|Any CPU.ActiveCfg = Debug|Any CPU
		{CB99914A-2CF8-4047-8D63-8E760BA303A1}.Debug|Any CPU.Build.0 = Debug|Any CPU
		{CB99914A-2CF8-4047-8D63-8E760BA303A1}.Debug|x64.ActiveCfg = Debug|Any CPU
		{CB99914A-2CF8-4047-8D63-8E760BA303A1}.Debug|x64.Build.0 = Debug|Any CPU
		{CB99914A-2CF8-4047-8D63-8E760BA303A1}.Debug|x86.ActiveCfg = Debug|Any CPU
		{CB99914A-2CF8-4047-8D63-8E760BA303A1}.Debug|x86.Build.0 = Debug|Any CPU
		{CB99914A-2CF8-4047-8D63-8E760BA303A1}.DebugLocal|Any CPU.ActiveCfg = DebugLocal|Any CPU
		{CB99914A-2CF8-4047-8D63-8E760BA303A1}.DebugLocal|Any CPU.Build.0 = DebugLocal|Any CPU
		{CB99914A-2CF8-4047-8D63-8E760BA303A1}.DebugLocal|x64.ActiveCfg = DebugLocal|Any CPU
		{CB99914A-2CF8-4047-8D63-8E760BA303A1}.DebugLocal|x64.Build.0 = DebugLocal|Any CPU
		{CB99914A-2CF8-4047-8D63-8E760BA303A1}.DebugLocal|x86.ActiveCfg = DebugLocal|Any CPU
		{CB99914A-2CF8-4047-8D63-8E760BA303A1}.DebugLocal|x86.Build.0 = DebugLocal|Any CPU
		{CB99914A-2CF8-4047-8D63-8E760BA303A1}.DebugTests|Any CPU.ActiveCfg = DebugLocal|Any CPU
		{CB99914A-2CF8-4047-8D63-8E760BA303A1}.DebugTests|Any CPU.Build.0 = DebugLocal|Any CPU
		{CB99914A-2CF8-4047-8D63-8E760BA303A1}.DebugTests|x64.ActiveCfg = DebugLocal|Any CPU
		{CB99914A-2CF8-4047-8D63-8E760BA303A1}.DebugTests|x64.Build.0 = DebugLocal|Any CPU
		{CB99914A-2CF8-4047-8D63-8E760BA303A1}.DebugTests|x86.ActiveCfg = DebugLocal|Any CPU
		{CB99914A-2CF8-4047-8D63-8E760BA303A1}.DebugTests|x86.Build.0 = DebugLocal|Any CPU
		{CB99914A-2CF8-4047-8D63-8E760BA303A1}.Release|Any CPU.ActiveCfg = Release|Any CPU
		{CB99914A-2CF8-4047-8D63-8E760BA303A1}.Release|Any CPU.Build.0 = Release|Any CPU
		{CB99914A-2CF8-4047-8D63-8E760BA303A1}.Release|x64.ActiveCfg = Release|Any CPU
		{CB99914A-2CF8-4047-8D63-8E760BA303A1}.Release|x64.Build.0 = Release|Any CPU
		{CB99914A-2CF8-4047-8D63-8E760BA303A1}.Release|x86.ActiveCfg = Release|Any CPU
		{CB99914A-2CF8-4047-8D63-8E760BA303A1}.Release|x86.Build.0 = Release|Any CPU
		{D659A788-2D0C-4E2D-8774-998BF4F3080B}.Debug|Any CPU.ActiveCfg = Debug|Any CPU
		{D659A788-2D0C-4E2D-8774-998BF4F3080B}.Debug|Any CPU.Build.0 = Debug|Any CPU
		{D659A788-2D0C-4E2D-8774-998BF4F3080B}.Debug|x64.ActiveCfg = Debug|Any CPU
		{D659A788-2D0C-4E2D-8774-998BF4F3080B}.Debug|x64.Build.0 = Debug|Any CPU
		{D659A788-2D0C-4E2D-8774-998BF4F3080B}.Debug|x86.ActiveCfg = Debug|Any CPU
		{D659A788-2D0C-4E2D-8774-998BF4F3080B}.Debug|x86.Build.0 = Debug|Any CPU
		{D659A788-2D0C-4E2D-8774-998BF4F3080B}.DebugLocal|Any CPU.ActiveCfg = DebugLocal|Any CPU
		{D659A788-2D0C-4E2D-8774-998BF4F3080B}.DebugLocal|Any CPU.Build.0 = DebugLocal|Any CPU
		{D659A788-2D0C-4E2D-8774-998BF4F3080B}.DebugLocal|x64.ActiveCfg = DebugLocal|Any CPU
		{D659A788-2D0C-4E2D-8774-998BF4F3080B}.DebugLocal|x64.Build.0 = DebugLocal|Any CPU
		{D659A788-2D0C-4E2D-8774-998BF4F3080B}.DebugLocal|x86.ActiveCfg = DebugLocal|Any CPU
		{D659A788-2D0C-4E2D-8774-998BF4F3080B}.DebugLocal|x86.Build.0 = DebugLocal|Any CPU
		{D659A788-2D0C-4E2D-8774-998BF4F3080B}.DebugTests|Any CPU.ActiveCfg = DebugLocal|Any CPU
		{D659A788-2D0C-4E2D-8774-998BF4F3080B}.DebugTests|Any CPU.Build.0 = DebugLocal|Any CPU
		{D659A788-2D0C-4E2D-8774-998BF4F3080B}.DebugTests|x64.ActiveCfg = DebugLocal|Any CPU
		{D659A788-2D0C-4E2D-8774-998BF4F3080B}.DebugTests|x64.Build.0 = DebugLocal|Any CPU
		{D659A788-2D0C-4E2D-8774-998BF4F3080B}.DebugTests|x86.ActiveCfg = DebugLocal|Any CPU
		{D659A788-2D0C-4E2D-8774-998BF4F3080B}.DebugTests|x86.Build.0 = DebugLocal|Any CPU
		{D659A788-2D0C-4E2D-8774-998BF4F3080B}.Release|Any CPU.ActiveCfg = Release|Any CPU
		{D659A788-2D0C-4E2D-8774-998BF4F3080B}.Release|Any CPU.Build.0 = Release|Any CPU
		{D659A788-2D0C-4E2D-8774-998BF4F3080B}.Release|x64.ActiveCfg = Release|Any CPU
		{D659A788-2D0C-4E2D-8774-998BF4F3080B}.Release|x64.Build.0 = Release|Any CPU
		{D659A788-2D0C-4E2D-8774-998BF4F3080B}.Release|x86.ActiveCfg = Release|Any CPU
		{D659A788-2D0C-4E2D-8774-998BF4F3080B}.Release|x86.Build.0 = Release|Any CPU
		{A07B806E-69D6-452D-BB29-7ED80501C39F}.Debug|Any CPU.ActiveCfg = Debug|Any CPU
		{A07B806E-69D6-452D-BB29-7ED80501C39F}.Debug|Any CPU.Build.0 = Debug|Any CPU
		{A07B806E-69D6-452D-BB29-7ED80501C39F}.Debug|x64.ActiveCfg = Debug|Any CPU
		{A07B806E-69D6-452D-BB29-7ED80501C39F}.Debug|x64.Build.0 = Debug|Any CPU
		{A07B806E-69D6-452D-BB29-7ED80501C39F}.Debug|x86.ActiveCfg = Debug|Any CPU
		{A07B806E-69D6-452D-BB29-7ED80501C39F}.Debug|x86.Build.0 = Debug|Any CPU
		{A07B806E-69D6-452D-BB29-7ED80501C39F}.DebugLocal|Any CPU.ActiveCfg = DebugLocal|Any CPU
		{A07B806E-69D6-452D-BB29-7ED80501C39F}.DebugLocal|Any CPU.Build.0 = DebugLocal|Any CPU
		{A07B806E-69D6-452D-BB29-7ED80501C39F}.DebugLocal|x64.ActiveCfg = DebugLocal|Any CPU
		{A07B806E-69D6-452D-BB29-7ED80501C39F}.DebugLocal|x64.Build.0 = DebugLocal|Any CPU
		{A07B806E-69D6-452D-BB29-7ED80501C39F}.DebugLocal|x86.ActiveCfg = DebugLocal|Any CPU
		{A07B806E-69D6-452D-BB29-7ED80501C39F}.DebugLocal|x86.Build.0 = DebugLocal|Any CPU
		{A07B806E-69D6-452D-BB29-7ED80501C39F}.DebugTests|Any CPU.ActiveCfg = DebugLocal|Any CPU
		{A07B806E-69D6-452D-BB29-7ED80501C39F}.DebugTests|Any CPU.Build.0 = DebugLocal|Any CPU
		{A07B806E-69D6-452D-BB29-7ED80501C39F}.DebugTests|x64.ActiveCfg = DebugLocal|Any CPU
		{A07B806E-69D6-452D-BB29-7ED80501C39F}.DebugTests|x64.Build.0 = DebugLocal|Any CPU
		{A07B806E-69D6-452D-BB29-7ED80501C39F}.DebugTests|x86.ActiveCfg = DebugLocal|Any CPU
		{A07B806E-69D6-452D-BB29-7ED80501C39F}.DebugTests|x86.Build.0 = DebugLocal|Any CPU
		{A07B806E-69D6-452D-BB29-7ED80501C39F}.Release|Any CPU.ActiveCfg = Release|Any CPU
		{A07B806E-69D6-452D-BB29-7ED80501C39F}.Release|Any CPU.Build.0 = Release|Any CPU
		{A07B806E-69D6-452D-BB29-7ED80501C39F}.Release|x64.ActiveCfg = Release|Any CPU
		{A07B806E-69D6-452D-BB29-7ED80501C39F}.Release|x64.Build.0 = Release|Any CPU
		{A07B806E-69D6-452D-BB29-7ED80501C39F}.Release|x86.ActiveCfg = Release|Any CPU
		{A07B806E-69D6-452D-BB29-7ED80501C39F}.Release|x86.Build.0 = Release|Any CPU
		{8544FAAC-CC7F-4330-9C19-61A6FC91182C}.Debug|Any CPU.ActiveCfg = Debug|Any CPU
		{8544FAAC-CC7F-4330-9C19-61A6FC91182C}.Debug|Any CPU.Build.0 = Debug|Any CPU
		{8544FAAC-CC7F-4330-9C19-61A6FC91182C}.Debug|x64.ActiveCfg = Debug|Any CPU
		{8544FAAC-CC7F-4330-9C19-61A6FC91182C}.Debug|x64.Build.0 = Debug|Any CPU
		{8544FAAC-CC7F-4330-9C19-61A6FC91182C}.Debug|x86.ActiveCfg = Debug|Any CPU
		{8544FAAC-CC7F-4330-9C19-61A6FC91182C}.Debug|x86.Build.0 = Debug|Any CPU
		{8544FAAC-CC7F-4330-9C19-61A6FC91182C}.DebugLocal|Any CPU.ActiveCfg = DebugLocal|Any CPU
		{8544FAAC-CC7F-4330-9C19-61A6FC91182C}.DebugLocal|Any CPU.Build.0 = DebugLocal|Any CPU
		{8544FAAC-CC7F-4330-9C19-61A6FC91182C}.DebugLocal|x64.ActiveCfg = DebugLocal|Any CPU
		{8544FAAC-CC7F-4330-9C19-61A6FC91182C}.DebugLocal|x64.Build.0 = DebugLocal|Any CPU
		{8544FAAC-CC7F-4330-9C19-61A6FC91182C}.DebugLocal|x86.ActiveCfg = DebugLocal|Any CPU
		{8544FAAC-CC7F-4330-9C19-61A6FC91182C}.DebugLocal|x86.Build.0 = DebugLocal|Any CPU
		{8544FAAC-CC7F-4330-9C19-61A6FC91182C}.DebugTests|Any CPU.ActiveCfg = DebugLocal|Any CPU
		{8544FAAC-CC7F-4330-9C19-61A6FC91182C}.DebugTests|Any CPU.Build.0 = DebugLocal|Any CPU
		{8544FAAC-CC7F-4330-9C19-61A6FC91182C}.DebugTests|x64.ActiveCfg = DebugLocal|Any CPU
		{8544FAAC-CC7F-4330-9C19-61A6FC91182C}.DebugTests|x64.Build.0 = DebugLocal|Any CPU
		{8544FAAC-CC7F-4330-9C19-61A6FC91182C}.DebugTests|x86.ActiveCfg = DebugLocal|Any CPU
		{8544FAAC-CC7F-4330-9C19-61A6FC91182C}.DebugTests|x86.Build.0 = DebugLocal|Any CPU
		{8544FAAC-CC7F-4330-9C19-61A6FC91182C}.Release|Any CPU.ActiveCfg = Release|Any CPU
		{8544FAAC-CC7F-4330-9C19-61A6FC91182C}.Release|Any CPU.Build.0 = Release|Any CPU
		{8544FAAC-CC7F-4330-9C19-61A6FC91182C}.Release|x64.ActiveCfg = Release|Any CPU
		{8544FAAC-CC7F-4330-9C19-61A6FC91182C}.Release|x64.Build.0 = Release|Any CPU
		{8544FAAC-CC7F-4330-9C19-61A6FC91182C}.Release|x86.ActiveCfg = Release|Any CPU
		{8544FAAC-CC7F-4330-9C19-61A6FC91182C}.Release|x86.Build.0 = Release|Any CPU
		{7EB1AA44-A1A3-4141-A15F-B1790E27B43E}.Debug|Any CPU.ActiveCfg = Debug|Any CPU
		{7EB1AA44-A1A3-4141-A15F-B1790E27B43E}.Debug|Any CPU.Build.0 = Debug|Any CPU
		{7EB1AA44-A1A3-4141-A15F-B1790E27B43E}.Debug|x64.ActiveCfg = Debug|Any CPU
		{7EB1AA44-A1A3-4141-A15F-B1790E27B43E}.Debug|x64.Build.0 = Debug|Any CPU
		{7EB1AA44-A1A3-4141-A15F-B1790E27B43E}.Debug|x86.ActiveCfg = Debug|Any CPU
		{7EB1AA44-A1A3-4141-A15F-B1790E27B43E}.Debug|x86.Build.0 = Debug|Any CPU
		{7EB1AA44-A1A3-4141-A15F-B1790E27B43E}.DebugLocal|Any CPU.ActiveCfg = DebugLocal|Any CPU
		{7EB1AA44-A1A3-4141-A15F-B1790E27B43E}.DebugLocal|Any CPU.Build.0 = DebugLocal|Any CPU
		{7EB1AA44-A1A3-4141-A15F-B1790E27B43E}.DebugLocal|x64.ActiveCfg = DebugLocal|Any CPU
		{7EB1AA44-A1A3-4141-A15F-B1790E27B43E}.DebugLocal|x64.Build.0 = DebugLocal|Any CPU
		{7EB1AA44-A1A3-4141-A15F-B1790E27B43E}.DebugLocal|x86.ActiveCfg = DebugLocal|Any CPU
		{7EB1AA44-A1A3-4141-A15F-B1790E27B43E}.DebugLocal|x86.Build.0 = DebugLocal|Any CPU
		{7EB1AA44-A1A3-4141-A15F-B1790E27B43E}.DebugTests|Any CPU.ActiveCfg = DebugLocal|Any CPU
		{7EB1AA44-A1A3-4141-A15F-B1790E27B43E}.DebugTests|Any CPU.Build.0 = DebugLocal|Any CPU
		{7EB1AA44-A1A3-4141-A15F-B1790E27B43E}.DebugTests|x64.ActiveCfg = DebugLocal|Any CPU
		{7EB1AA44-A1A3-4141-A15F-B1790E27B43E}.DebugTests|x64.Build.0 = DebugLocal|Any CPU
		{7EB1AA44-A1A3-4141-A15F-B1790E27B43E}.DebugTests|x86.ActiveCfg = DebugLocal|Any CPU
		{7EB1AA44-A1A3-4141-A15F-B1790E27B43E}.DebugTests|x86.Build.0 = DebugLocal|Any CPU
		{7EB1AA44-A1A3-4141-A15F-B1790E27B43E}.Release|Any CPU.ActiveCfg = Release|Any CPU
		{7EB1AA44-A1A3-4141-A15F-B1790E27B43E}.Release|Any CPU.Build.0 = Release|Any CPU
		{7EB1AA44-A1A3-4141-A15F-B1790E27B43E}.Release|x64.ActiveCfg = Release|Any CPU
		{7EB1AA44-A1A3-4141-A15F-B1790E27B43E}.Release|x64.Build.0 = Release|Any CPU
		{7EB1AA44-A1A3-4141-A15F-B1790E27B43E}.Release|x86.ActiveCfg = Release|Any CPU
		{7EB1AA44-A1A3-4141-A15F-B1790E27B43E}.Release|x86.Build.0 = Release|Any CPU
		{BCC1EC6F-8FCF-45CB-87FF-5744693A9ED4}.Debug|Any CPU.ActiveCfg = Debug|Any CPU
		{BCC1EC6F-8FCF-45CB-87FF-5744693A9ED4}.Debug|Any CPU.Build.0 = Debug|Any CPU
		{BCC1EC6F-8FCF-45CB-87FF-5744693A9ED4}.Debug|x64.ActiveCfg = Debug|Any CPU
		{BCC1EC6F-8FCF-45CB-87FF-5744693A9ED4}.Debug|x64.Build.0 = Debug|Any CPU
		{BCC1EC6F-8FCF-45CB-87FF-5744693A9ED4}.Debug|x86.ActiveCfg = Debug|Any CPU
		{BCC1EC6F-8FCF-45CB-87FF-5744693A9ED4}.Debug|x86.Build.0 = Debug|Any CPU
		{BCC1EC6F-8FCF-45CB-87FF-5744693A9ED4}.DebugLocal|Any CPU.ActiveCfg = DebugLocal|Any CPU
		{BCC1EC6F-8FCF-45CB-87FF-5744693A9ED4}.DebugLocal|Any CPU.Build.0 = DebugLocal|Any CPU
		{BCC1EC6F-8FCF-45CB-87FF-5744693A9ED4}.DebugLocal|x64.ActiveCfg = DebugLocal|Any CPU
		{BCC1EC6F-8FCF-45CB-87FF-5744693A9ED4}.DebugLocal|x64.Build.0 = DebugLocal|Any CPU
		{BCC1EC6F-8FCF-45CB-87FF-5744693A9ED4}.DebugLocal|x86.ActiveCfg = DebugLocal|Any CPU
		{BCC1EC6F-8FCF-45CB-87FF-5744693A9ED4}.DebugLocal|x86.Build.0 = DebugLocal|Any CPU
		{BCC1EC6F-8FCF-45CB-87FF-5744693A9ED4}.DebugTests|Any CPU.ActiveCfg = DebugLocal|Any CPU
		{BCC1EC6F-8FCF-45CB-87FF-5744693A9ED4}.DebugTests|Any CPU.Build.0 = DebugLocal|Any CPU
		{BCC1EC6F-8FCF-45CB-87FF-5744693A9ED4}.DebugTests|x64.ActiveCfg = DebugLocal|Any CPU
		{BCC1EC6F-8FCF-45CB-87FF-5744693A9ED4}.DebugTests|x64.Build.0 = DebugLocal|Any CPU
		{BCC1EC6F-8FCF-45CB-87FF-5744693A9ED4}.DebugTests|x86.ActiveCfg = DebugLocal|Any CPU
		{BCC1EC6F-8FCF-45CB-87FF-5744693A9ED4}.DebugTests|x86.Build.0 = DebugLocal|Any CPU
		{BCC1EC6F-8FCF-45CB-87FF-5744693A9ED4}.Release|Any CPU.ActiveCfg = Release|Any CPU
		{BCC1EC6F-8FCF-45CB-87FF-5744693A9ED4}.Release|Any CPU.Build.0 = Release|Any CPU
		{BCC1EC6F-8FCF-45CB-87FF-5744693A9ED4}.Release|x64.ActiveCfg = Release|Any CPU
		{BCC1EC6F-8FCF-45CB-87FF-5744693A9ED4}.Release|x64.Build.0 = Release|Any CPU
		{BCC1EC6F-8FCF-45CB-87FF-5744693A9ED4}.Release|x86.ActiveCfg = Release|Any CPU
		{BCC1EC6F-8FCF-45CB-87FF-5744693A9ED4}.Release|x86.Build.0 = Release|Any CPU
		{EFBC4EED-183B-4E60-8E6D-A1753CBE42FA}.Debug|Any CPU.ActiveCfg = Debug|Any CPU
		{EFBC4EED-183B-4E60-8E6D-A1753CBE42FA}.Debug|Any CPU.Build.0 = Debug|Any CPU
		{EFBC4EED-183B-4E60-8E6D-A1753CBE42FA}.Debug|x64.ActiveCfg = Debug|Any CPU
		{EFBC4EED-183B-4E60-8E6D-A1753CBE42FA}.Debug|x64.Build.0 = Debug|Any CPU
		{EFBC4EED-183B-4E60-8E6D-A1753CBE42FA}.Debug|x86.ActiveCfg = Debug|Any CPU
		{EFBC4EED-183B-4E60-8E6D-A1753CBE42FA}.Debug|x86.Build.0 = Debug|Any CPU
		{EFBC4EED-183B-4E60-8E6D-A1753CBE42FA}.DebugLocal|Any CPU.ActiveCfg = DebugLocal|Any CPU
		{EFBC4EED-183B-4E60-8E6D-A1753CBE42FA}.DebugLocal|Any CPU.Build.0 = DebugLocal|Any CPU
		{EFBC4EED-183B-4E60-8E6D-A1753CBE42FA}.DebugLocal|x64.ActiveCfg = DebugLocal|Any CPU
		{EFBC4EED-183B-4E60-8E6D-A1753CBE42FA}.DebugLocal|x64.Build.0 = DebugLocal|Any CPU
		{EFBC4EED-183B-4E60-8E6D-A1753CBE42FA}.DebugLocal|x86.ActiveCfg = DebugLocal|Any CPU
		{EFBC4EED-183B-4E60-8E6D-A1753CBE42FA}.DebugLocal|x86.Build.0 = DebugLocal|Any CPU
		{EFBC4EED-183B-4E60-8E6D-A1753CBE42FA}.DebugTests|Any CPU.ActiveCfg = DebugLocal|Any CPU
		{EFBC4EED-183B-4E60-8E6D-A1753CBE42FA}.DebugTests|Any CPU.Build.0 = DebugLocal|Any CPU
		{EFBC4EED-183B-4E60-8E6D-A1753CBE42FA}.DebugTests|x64.ActiveCfg = DebugLocal|Any CPU
		{EFBC4EED-183B-4E60-8E6D-A1753CBE42FA}.DebugTests|x64.Build.0 = DebugLocal|Any CPU
		{EFBC4EED-183B-4E60-8E6D-A1753CBE42FA}.DebugTests|x86.ActiveCfg = DebugLocal|Any CPU
		{EFBC4EED-183B-4E60-8E6D-A1753CBE42FA}.DebugTests|x86.Build.0 = DebugLocal|Any CPU
		{EFBC4EED-183B-4E60-8E6D-A1753CBE42FA}.Release|Any CPU.ActiveCfg = Release|Any CPU
		{EFBC4EED-183B-4E60-8E6D-A1753CBE42FA}.Release|Any CPU.Build.0 = Release|Any CPU
		{EFBC4EED-183B-4E60-8E6D-A1753CBE42FA}.Release|x64.ActiveCfg = Release|Any CPU
		{EFBC4EED-183B-4E60-8E6D-A1753CBE42FA}.Release|x64.Build.0 = Release|Any CPU
		{EFBC4EED-183B-4E60-8E6D-A1753CBE42FA}.Release|x86.ActiveCfg = Release|Any CPU
		{EFBC4EED-183B-4E60-8E6D-A1753CBE42FA}.Release|x86.Build.0 = Release|Any CPU
		{54D90188-19AB-4FA3-8F25-878D11C92D4D}.Debug|Any CPU.ActiveCfg = Debug|Any CPU
		{54D90188-19AB-4FA3-8F25-878D11C92D4D}.Debug|Any CPU.Build.0 = Debug|Any CPU
		{54D90188-19AB-4FA3-8F25-878D11C92D4D}.Debug|x64.ActiveCfg = Debug|Any CPU
		{54D90188-19AB-4FA3-8F25-878D11C92D4D}.Debug|x64.Build.0 = Debug|Any CPU
		{54D90188-19AB-4FA3-8F25-878D11C92D4D}.Debug|x86.ActiveCfg = Debug|Any CPU
		{54D90188-19AB-4FA3-8F25-878D11C92D4D}.Debug|x86.Build.0 = Debug|Any CPU
		{54D90188-19AB-4FA3-8F25-878D11C92D4D}.DebugLocal|Any CPU.ActiveCfg = DebugLocal|Any CPU
		{54D90188-19AB-4FA3-8F25-878D11C92D4D}.DebugLocal|Any CPU.Build.0 = DebugLocal|Any CPU
		{54D90188-19AB-4FA3-8F25-878D11C92D4D}.DebugLocal|x64.ActiveCfg = DebugLocal|Any CPU
		{54D90188-19AB-4FA3-8F25-878D11C92D4D}.DebugLocal|x64.Build.0 = DebugLocal|Any CPU
		{54D90188-19AB-4FA3-8F25-878D11C92D4D}.DebugLocal|x86.ActiveCfg = DebugLocal|Any CPU
		{54D90188-19AB-4FA3-8F25-878D11C92D4D}.DebugLocal|x86.Build.0 = DebugLocal|Any CPU
		{54D90188-19AB-4FA3-8F25-878D11C92D4D}.DebugTests|Any CPU.ActiveCfg = DebugLocal|Any CPU
		{54D90188-19AB-4FA3-8F25-878D11C92D4D}.DebugTests|Any CPU.Build.0 = DebugLocal|Any CPU
		{54D90188-19AB-4FA3-8F25-878D11C92D4D}.DebugTests|x64.ActiveCfg = DebugLocal|Any CPU
		{54D90188-19AB-4FA3-8F25-878D11C92D4D}.DebugTests|x64.Build.0 = DebugLocal|Any CPU
		{54D90188-19AB-4FA3-8F25-878D11C92D4D}.DebugTests|x86.ActiveCfg = DebugLocal|Any CPU
		{54D90188-19AB-4FA3-8F25-878D11C92D4D}.DebugTests|x86.Build.0 = DebugLocal|Any CPU
		{54D90188-19AB-4FA3-8F25-878D11C92D4D}.Release|Any CPU.ActiveCfg = Release|Any CPU
		{54D90188-19AB-4FA3-8F25-878D11C92D4D}.Release|Any CPU.Build.0 = Release|Any CPU
		{54D90188-19AB-4FA3-8F25-878D11C92D4D}.Release|x64.ActiveCfg = Release|Any CPU
		{54D90188-19AB-4FA3-8F25-878D11C92D4D}.Release|x64.Build.0 = Release|Any CPU
		{54D90188-19AB-4FA3-8F25-878D11C92D4D}.Release|x86.ActiveCfg = Release|Any CPU
		{54D90188-19AB-4FA3-8F25-878D11C92D4D}.Release|x86.Build.0 = Release|Any CPU
		{91142F5E-C914-4738-86FE-2BDA3D4B9509}.Debug|Any CPU.ActiveCfg = Debug|Any CPU
		{91142F5E-C914-4738-86FE-2BDA3D4B9509}.Debug|Any CPU.Build.0 = Debug|Any CPU
		{91142F5E-C914-4738-86FE-2BDA3D4B9509}.Debug|x64.ActiveCfg = Debug|Any CPU
		{91142F5E-C914-4738-86FE-2BDA3D4B9509}.Debug|x64.Build.0 = Debug|Any CPU
		{91142F5E-C914-4738-86FE-2BDA3D4B9509}.Debug|x86.ActiveCfg = Debug|Any CPU
		{91142F5E-C914-4738-86FE-2BDA3D4B9509}.Debug|x86.Build.0 = Debug|Any CPU
		{91142F5E-C914-4738-86FE-2BDA3D4B9509}.DebugLocal|Any CPU.ActiveCfg = DebugLocal|Any CPU
		{91142F5E-C914-4738-86FE-2BDA3D4B9509}.DebugLocal|Any CPU.Build.0 = DebugLocal|Any CPU
		{91142F5E-C914-4738-86FE-2BDA3D4B9509}.DebugLocal|x64.ActiveCfg = DebugLocal|Any CPU
		{91142F5E-C914-4738-86FE-2BDA3D4B9509}.DebugLocal|x64.Build.0 = DebugLocal|Any CPU
		{91142F5E-C914-4738-86FE-2BDA3D4B9509}.DebugLocal|x86.ActiveCfg = DebugLocal|Any CPU
		{91142F5E-C914-4738-86FE-2BDA3D4B9509}.DebugLocal|x86.Build.0 = DebugLocal|Any CPU
		{91142F5E-C914-4738-86FE-2BDA3D4B9509}.DebugTests|Any CPU.ActiveCfg = DebugLocal|Any CPU
		{91142F5E-C914-4738-86FE-2BDA3D4B9509}.DebugTests|Any CPU.Build.0 = DebugLocal|Any CPU
		{91142F5E-C914-4738-86FE-2BDA3D4B9509}.DebugTests|x64.ActiveCfg = DebugLocal|Any CPU
		{91142F5E-C914-4738-86FE-2BDA3D4B9509}.DebugTests|x64.Build.0 = DebugLocal|Any CPU
		{91142F5E-C914-4738-86FE-2BDA3D4B9509}.DebugTests|x86.ActiveCfg = DebugLocal|Any CPU
		{91142F5E-C914-4738-86FE-2BDA3D4B9509}.DebugTests|x86.Build.0 = DebugLocal|Any CPU
		{91142F5E-C914-4738-86FE-2BDA3D4B9509}.Release|Any CPU.ActiveCfg = Release|Any CPU
		{91142F5E-C914-4738-86FE-2BDA3D4B9509}.Release|Any CPU.Build.0 = Release|Any CPU
		{91142F5E-C914-4738-86FE-2BDA3D4B9509}.Release|x64.ActiveCfg = Release|Any CPU
		{91142F5E-C914-4738-86FE-2BDA3D4B9509}.Release|x64.Build.0 = Release|Any CPU
		{91142F5E-C914-4738-86FE-2BDA3D4B9509}.Release|x86.ActiveCfg = Release|Any CPU
		{91142F5E-C914-4738-86FE-2BDA3D4B9509}.Release|x86.Build.0 = Release|Any CPU
		{C7BD55D0-CF95-4410-BC9B-7AD6794B814F}.Debug|Any CPU.ActiveCfg = Debug|Any CPU
		{C7BD55D0-CF95-4410-BC9B-7AD6794B814F}.Debug|Any CPU.Build.0 = Debug|Any CPU
		{C7BD55D0-CF95-4410-BC9B-7AD6794B814F}.Debug|x64.ActiveCfg = Debug|Any CPU
		{C7BD55D0-CF95-4410-BC9B-7AD6794B814F}.Debug|x64.Build.0 = Debug|Any CPU
		{C7BD55D0-CF95-4410-BC9B-7AD6794B814F}.Debug|x86.ActiveCfg = Debug|Any CPU
		{C7BD55D0-CF95-4410-BC9B-7AD6794B814F}.Debug|x86.Build.0 = Debug|Any CPU
		{C7BD55D0-CF95-4410-BC9B-7AD6794B814F}.DebugLocal|Any CPU.ActiveCfg = DebugLocal|Any CPU
		{C7BD55D0-CF95-4410-BC9B-7AD6794B814F}.DebugLocal|Any CPU.Build.0 = DebugLocal|Any CPU
		{C7BD55D0-CF95-4410-BC9B-7AD6794B814F}.DebugLocal|x64.ActiveCfg = DebugLocal|Any CPU
		{C7BD55D0-CF95-4410-BC9B-7AD6794B814F}.DebugLocal|x64.Build.0 = DebugLocal|Any CPU
		{C7BD55D0-CF95-4410-BC9B-7AD6794B814F}.DebugLocal|x86.ActiveCfg = DebugLocal|Any CPU
		{C7BD55D0-CF95-4410-BC9B-7AD6794B814F}.DebugLocal|x86.Build.0 = DebugLocal|Any CPU
		{C7BD55D0-CF95-4410-BC9B-7AD6794B814F}.DebugTests|Any CPU.ActiveCfg = DebugLocal|Any CPU
		{C7BD55D0-CF95-4410-BC9B-7AD6794B814F}.DebugTests|Any CPU.Build.0 = DebugLocal|Any CPU
		{C7BD55D0-CF95-4410-BC9B-7AD6794B814F}.DebugTests|x64.ActiveCfg = DebugLocal|Any CPU
		{C7BD55D0-CF95-4410-BC9B-7AD6794B814F}.DebugTests|x64.Build.0 = DebugLocal|Any CPU
		{C7BD55D0-CF95-4410-BC9B-7AD6794B814F}.DebugTests|x86.ActiveCfg = DebugLocal|Any CPU
		{C7BD55D0-CF95-4410-BC9B-7AD6794B814F}.DebugTests|x86.Build.0 = DebugLocal|Any CPU
		{C7BD55D0-CF95-4410-BC9B-7AD6794B814F}.Release|Any CPU.ActiveCfg = Release|Any CPU
		{C7BD55D0-CF95-4410-BC9B-7AD6794B814F}.Release|Any CPU.Build.0 = Release|Any CPU
		{C7BD55D0-CF95-4410-BC9B-7AD6794B814F}.Release|x64.ActiveCfg = Release|Any CPU
		{C7BD55D0-CF95-4410-BC9B-7AD6794B814F}.Release|x64.Build.0 = Release|Any CPU
		{C7BD55D0-CF95-4410-BC9B-7AD6794B814F}.Release|x86.ActiveCfg = Release|Any CPU
		{C7BD55D0-CF95-4410-BC9B-7AD6794B814F}.Release|x86.Build.0 = Release|Any CPU
		{5255E1AB-7DEE-423D-9538-8B087D3B0ECC}.Debug|Any CPU.ActiveCfg = Debug|Any CPU
		{5255E1AB-7DEE-423D-9538-8B087D3B0ECC}.Debug|Any CPU.Build.0 = Debug|Any CPU
		{5255E1AB-7DEE-423D-9538-8B087D3B0ECC}.Debug|x64.ActiveCfg = Debug|Any CPU
		{5255E1AB-7DEE-423D-9538-8B087D3B0ECC}.Debug|x64.Build.0 = Debug|Any CPU
		{5255E1AB-7DEE-423D-9538-8B087D3B0ECC}.Debug|x86.ActiveCfg = Debug|Any CPU
		{5255E1AB-7DEE-423D-9538-8B087D3B0ECC}.Debug|x86.Build.0 = Debug|Any CPU
		{5255E1AB-7DEE-423D-9538-8B087D3B0ECC}.DebugLocal|Any CPU.ActiveCfg = DebugLocal|Any CPU
		{5255E1AB-7DEE-423D-9538-8B087D3B0ECC}.DebugLocal|Any CPU.Build.0 = DebugLocal|Any CPU
		{5255E1AB-7DEE-423D-9538-8B087D3B0ECC}.DebugLocal|x64.ActiveCfg = DebugLocal|Any CPU
		{5255E1AB-7DEE-423D-9538-8B087D3B0ECC}.DebugLocal|x64.Build.0 = DebugLocal|Any CPU
		{5255E1AB-7DEE-423D-9538-8B087D3B0ECC}.DebugLocal|x86.ActiveCfg = DebugLocal|Any CPU
		{5255E1AB-7DEE-423D-9538-8B087D3B0ECC}.DebugLocal|x86.Build.0 = DebugLocal|Any CPU
		{5255E1AB-7DEE-423D-9538-8B087D3B0ECC}.DebugTests|Any CPU.ActiveCfg = DebugLocal|Any CPU
		{5255E1AB-7DEE-423D-9538-8B087D3B0ECC}.DebugTests|Any CPU.Build.0 = DebugLocal|Any CPU
		{5255E1AB-7DEE-423D-9538-8B087D3B0ECC}.DebugTests|x64.ActiveCfg = DebugLocal|Any CPU
		{5255E1AB-7DEE-423D-9538-8B087D3B0ECC}.DebugTests|x64.Build.0 = DebugLocal|Any CPU
		{5255E1AB-7DEE-423D-9538-8B087D3B0ECC}.DebugTests|x86.ActiveCfg = DebugLocal|Any CPU
		{5255E1AB-7DEE-423D-9538-8B087D3B0ECC}.DebugTests|x86.Build.0 = DebugLocal|Any CPU
		{5255E1AB-7DEE-423D-9538-8B087D3B0ECC}.Release|Any CPU.ActiveCfg = Release|Any CPU
		{5255E1AB-7DEE-423D-9538-8B087D3B0ECC}.Release|Any CPU.Build.0 = Release|Any CPU
		{5255E1AB-7DEE-423D-9538-8B087D3B0ECC}.Release|x64.ActiveCfg = Release|Any CPU
		{5255E1AB-7DEE-423D-9538-8B087D3B0ECC}.Release|x64.Build.0 = Release|Any CPU
		{5255E1AB-7DEE-423D-9538-8B087D3B0ECC}.Release|x86.ActiveCfg = Release|Any CPU
		{5255E1AB-7DEE-423D-9538-8B087D3B0ECC}.Release|x86.Build.0 = Release|Any CPU
		{14F0A52F-4A52-456E-B3A6-D157ED90ED78}.Debug|Any CPU.ActiveCfg = Debug|Any CPU
		{14F0A52F-4A52-456E-B3A6-D157ED90ED78}.Debug|Any CPU.Build.0 = Debug|Any CPU
		{14F0A52F-4A52-456E-B3A6-D157ED90ED78}.Debug|x64.ActiveCfg = Debug|Any CPU
		{14F0A52F-4A52-456E-B3A6-D157ED90ED78}.Debug|x64.Build.0 = Debug|Any CPU
		{14F0A52F-4A52-456E-B3A6-D157ED90ED78}.Debug|x86.ActiveCfg = Debug|Any CPU
		{14F0A52F-4A52-456E-B3A6-D157ED90ED78}.Debug|x86.Build.0 = Debug|Any CPU
		{14F0A52F-4A52-456E-B3A6-D157ED90ED78}.DebugLocal|Any CPU.ActiveCfg = DebugLocal|Any CPU
		{14F0A52F-4A52-456E-B3A6-D157ED90ED78}.DebugLocal|Any CPU.Build.0 = DebugLocal|Any CPU
		{14F0A52F-4A52-456E-B3A6-D157ED90ED78}.DebugLocal|x64.ActiveCfg = DebugLocal|Any CPU
		{14F0A52F-4A52-456E-B3A6-D157ED90ED78}.DebugLocal|x64.Build.0 = DebugLocal|Any CPU
		{14F0A52F-4A52-456E-B3A6-D157ED90ED78}.DebugLocal|x86.ActiveCfg = DebugLocal|Any CPU
		{14F0A52F-4A52-456E-B3A6-D157ED90ED78}.DebugLocal|x86.Build.0 = DebugLocal|Any CPU
		{14F0A52F-4A52-456E-B3A6-D157ED90ED78}.DebugTests|Any CPU.ActiveCfg = DebugLocal|Any CPU
		{14F0A52F-4A52-456E-B3A6-D157ED90ED78}.DebugTests|Any CPU.Build.0 = DebugLocal|Any CPU
		{14F0A52F-4A52-456E-B3A6-D157ED90ED78}.DebugTests|x64.ActiveCfg = DebugLocal|Any CPU
		{14F0A52F-4A52-456E-B3A6-D157ED90ED78}.DebugTests|x64.Build.0 = DebugLocal|Any CPU
		{14F0A52F-4A52-456E-B3A6-D157ED90ED78}.DebugTests|x86.ActiveCfg = DebugLocal|Any CPU
		{14F0A52F-4A52-456E-B3A6-D157ED90ED78}.DebugTests|x86.Build.0 = DebugLocal|Any CPU
		{14F0A52F-4A52-456E-B3A6-D157ED90ED78}.Release|Any CPU.ActiveCfg = Release|Any CPU
		{14F0A52F-4A52-456E-B3A6-D157ED90ED78}.Release|Any CPU.Build.0 = Release|Any CPU
		{14F0A52F-4A52-456E-B3A6-D157ED90ED78}.Release|x64.ActiveCfg = Release|Any CPU
		{14F0A52F-4A52-456E-B3A6-D157ED90ED78}.Release|x64.Build.0 = Release|Any CPU
		{14F0A52F-4A52-456E-B3A6-D157ED90ED78}.Release|x86.ActiveCfg = Release|Any CPU
		{14F0A52F-4A52-456E-B3A6-D157ED90ED78}.Release|x86.Build.0 = Release|Any CPU
		{285604C0-3A87-49EF-9A06-A4EE0B17D63A}.Debug|Any CPU.ActiveCfg = Debug|Any CPU
		{285604C0-3A87-49EF-9A06-A4EE0B17D63A}.Debug|Any CPU.Build.0 = Debug|Any CPU
		{285604C0-3A87-49EF-9A06-A4EE0B17D63A}.Debug|x64.ActiveCfg = Debug|Any CPU
		{285604C0-3A87-49EF-9A06-A4EE0B17D63A}.Debug|x64.Build.0 = Debug|Any CPU
		{285604C0-3A87-49EF-9A06-A4EE0B17D63A}.Debug|x86.ActiveCfg = Debug|Any CPU
		{285604C0-3A87-49EF-9A06-A4EE0B17D63A}.Debug|x86.Build.0 = Debug|Any CPU
		{285604C0-3A87-49EF-9A06-A4EE0B17D63A}.DebugLocal|Any CPU.ActiveCfg = DebugLocal|Any CPU
		{285604C0-3A87-49EF-9A06-A4EE0B17D63A}.DebugLocal|Any CPU.Build.0 = DebugLocal|Any CPU
		{285604C0-3A87-49EF-9A06-A4EE0B17D63A}.DebugLocal|x64.ActiveCfg = DebugLocal|Any CPU
		{285604C0-3A87-49EF-9A06-A4EE0B17D63A}.DebugLocal|x64.Build.0 = DebugLocal|Any CPU
		{285604C0-3A87-49EF-9A06-A4EE0B17D63A}.DebugLocal|x86.ActiveCfg = DebugLocal|Any CPU
		{285604C0-3A87-49EF-9A06-A4EE0B17D63A}.DebugLocal|x86.Build.0 = DebugLocal|Any CPU
		{285604C0-3A87-49EF-9A06-A4EE0B17D63A}.DebugTests|Any CPU.ActiveCfg = DebugLocal|Any CPU
		{285604C0-3A87-49EF-9A06-A4EE0B17D63A}.DebugTests|Any CPU.Build.0 = DebugLocal|Any CPU
		{285604C0-3A87-49EF-9A06-A4EE0B17D63A}.DebugTests|x64.ActiveCfg = DebugLocal|Any CPU
		{285604C0-3A87-49EF-9A06-A4EE0B17D63A}.DebugTests|x64.Build.0 = DebugLocal|Any CPU
		{285604C0-3A87-49EF-9A06-A4EE0B17D63A}.DebugTests|x86.ActiveCfg = DebugLocal|Any CPU
		{285604C0-3A87-49EF-9A06-A4EE0B17D63A}.DebugTests|x86.Build.0 = DebugLocal|Any CPU
		{285604C0-3A87-49EF-9A06-A4EE0B17D63A}.Release|Any CPU.ActiveCfg = Release|Any CPU
		{285604C0-3A87-49EF-9A06-A4EE0B17D63A}.Release|Any CPU.Build.0 = Release|Any CPU
		{285604C0-3A87-49EF-9A06-A4EE0B17D63A}.Release|x64.ActiveCfg = Release|Any CPU
		{285604C0-3A87-49EF-9A06-A4EE0B17D63A}.Release|x64.Build.0 = Release|Any CPU
		{285604C0-3A87-49EF-9A06-A4EE0B17D63A}.Release|x86.ActiveCfg = Release|Any CPU
		{285604C0-3A87-49EF-9A06-A4EE0B17D63A}.Release|x86.Build.0 = Release|Any CPU
		{78F9C09E-3660-4EDA-8FA7-19AC110D78D3}.Debug|Any CPU.ActiveCfg = Debug|Any CPU
		{78F9C09E-3660-4EDA-8FA7-19AC110D78D3}.Debug|Any CPU.Build.0 = Debug|Any CPU
		{78F9C09E-3660-4EDA-8FA7-19AC110D78D3}.Debug|x64.ActiveCfg = Debug|Any CPU
		{78F9C09E-3660-4EDA-8FA7-19AC110D78D3}.Debug|x64.Build.0 = Debug|Any CPU
		{78F9C09E-3660-4EDA-8FA7-19AC110D78D3}.Debug|x86.ActiveCfg = Debug|Any CPU
		{78F9C09E-3660-4EDA-8FA7-19AC110D78D3}.Debug|x86.Build.0 = Debug|Any CPU
		{78F9C09E-3660-4EDA-8FA7-19AC110D78D3}.DebugLocal|Any CPU.ActiveCfg = DebugLocal|Any CPU
		{78F9C09E-3660-4EDA-8FA7-19AC110D78D3}.DebugLocal|Any CPU.Build.0 = DebugLocal|Any CPU
		{78F9C09E-3660-4EDA-8FA7-19AC110D78D3}.DebugLocal|x64.ActiveCfg = DebugLocal|Any CPU
		{78F9C09E-3660-4EDA-8FA7-19AC110D78D3}.DebugLocal|x64.Build.0 = DebugLocal|Any CPU
		{78F9C09E-3660-4EDA-8FA7-19AC110D78D3}.DebugLocal|x86.ActiveCfg = DebugLocal|Any CPU
		{78F9C09E-3660-4EDA-8FA7-19AC110D78D3}.DebugLocal|x86.Build.0 = DebugLocal|Any CPU
		{78F9C09E-3660-4EDA-8FA7-19AC110D78D3}.DebugTests|Any CPU.ActiveCfg = DebugLocal|Any CPU
		{78F9C09E-3660-4EDA-8FA7-19AC110D78D3}.DebugTests|Any CPU.Build.0 = DebugLocal|Any CPU
		{78F9C09E-3660-4EDA-8FA7-19AC110D78D3}.DebugTests|x64.ActiveCfg = DebugLocal|Any CPU
		{78F9C09E-3660-4EDA-8FA7-19AC110D78D3}.DebugTests|x64.Build.0 = DebugLocal|Any CPU
		{78F9C09E-3660-4EDA-8FA7-19AC110D78D3}.DebugTests|x86.ActiveCfg = DebugLocal|Any CPU
		{78F9C09E-3660-4EDA-8FA7-19AC110D78D3}.DebugTests|x86.Build.0 = DebugLocal|Any CPU
		{78F9C09E-3660-4EDA-8FA7-19AC110D78D3}.Release|Any CPU.ActiveCfg = Release|Any CPU
		{78F9C09E-3660-4EDA-8FA7-19AC110D78D3}.Release|Any CPU.Build.0 = Release|Any CPU
		{78F9C09E-3660-4EDA-8FA7-19AC110D78D3}.Release|x64.ActiveCfg = Release|Any CPU
		{78F9C09E-3660-4EDA-8FA7-19AC110D78D3}.Release|x64.Build.0 = Release|Any CPU
		{78F9C09E-3660-4EDA-8FA7-19AC110D78D3}.Release|x86.ActiveCfg = Release|Any CPU
		{78F9C09E-3660-4EDA-8FA7-19AC110D78D3}.Release|x86.Build.0 = Release|Any CPU
		{AF274AE7-266C-4ED5-B1F2-E2A1C852DAA9}.Debug|Any CPU.ActiveCfg = Debug|Any CPU
		{AF274AE7-266C-4ED5-B1F2-E2A1C852DAA9}.Debug|Any CPU.Build.0 = Debug|Any CPU
		{AF274AE7-266C-4ED5-B1F2-E2A1C852DAA9}.Debug|x64.ActiveCfg = Debug|Any CPU
		{AF274AE7-266C-4ED5-B1F2-E2A1C852DAA9}.Debug|x64.Build.0 = Debug|Any CPU
		{AF274AE7-266C-4ED5-B1F2-E2A1C852DAA9}.Debug|x86.ActiveCfg = Debug|Any CPU
		{AF274AE7-266C-4ED5-B1F2-E2A1C852DAA9}.Debug|x86.Build.0 = Debug|Any CPU
		{AF274AE7-266C-4ED5-B1F2-E2A1C852DAA9}.DebugLocal|Any CPU.ActiveCfg = DebugLocal|Any CPU
		{AF274AE7-266C-4ED5-B1F2-E2A1C852DAA9}.DebugLocal|Any CPU.Build.0 = DebugLocal|Any CPU
		{AF274AE7-266C-4ED5-B1F2-E2A1C852DAA9}.DebugLocal|x64.ActiveCfg = DebugLocal|Any CPU
		{AF274AE7-266C-4ED5-B1F2-E2A1C852DAA9}.DebugLocal|x64.Build.0 = DebugLocal|Any CPU
		{AF274AE7-266C-4ED5-B1F2-E2A1C852DAA9}.DebugLocal|x86.ActiveCfg = DebugLocal|Any CPU
		{AF274AE7-266C-4ED5-B1F2-E2A1C852DAA9}.DebugLocal|x86.Build.0 = DebugLocal|Any CPU
		{AF274AE7-266C-4ED5-B1F2-E2A1C852DAA9}.DebugTests|Any CPU.ActiveCfg = DebugLocal|Any CPU
		{AF274AE7-266C-4ED5-B1F2-E2A1C852DAA9}.DebugTests|Any CPU.Build.0 = DebugLocal|Any CPU
		{AF274AE7-266C-4ED5-B1F2-E2A1C852DAA9}.DebugTests|x64.ActiveCfg = DebugLocal|Any CPU
		{AF274AE7-266C-4ED5-B1F2-E2A1C852DAA9}.DebugTests|x64.Build.0 = DebugLocal|Any CPU
		{AF274AE7-266C-4ED5-B1F2-E2A1C852DAA9}.DebugTests|x86.ActiveCfg = DebugLocal|Any CPU
		{AF274AE7-266C-4ED5-B1F2-E2A1C852DAA9}.DebugTests|x86.Build.0 = DebugLocal|Any CPU
		{AF274AE7-266C-4ED5-B1F2-E2A1C852DAA9}.Release|Any CPU.ActiveCfg = Release|Any CPU
		{AF274AE7-266C-4ED5-B1F2-E2A1C852DAA9}.Release|Any CPU.Build.0 = Release|Any CPU
		{AF274AE7-266C-4ED5-B1F2-E2A1C852DAA9}.Release|x64.ActiveCfg = Release|Any CPU
		{AF274AE7-266C-4ED5-B1F2-E2A1C852DAA9}.Release|x64.Build.0 = Release|Any CPU
		{AF274AE7-266C-4ED5-B1F2-E2A1C852DAA9}.Release|x86.ActiveCfg = Release|Any CPU
		{AF274AE7-266C-4ED5-B1F2-E2A1C852DAA9}.Release|x86.Build.0 = Release|Any CPU
		{7A5F288E-07FD-450B-9C14-11C8AEDD2B06}.Debug|Any CPU.ActiveCfg = Debug|Any CPU
		{7A5F288E-07FD-450B-9C14-11C8AEDD2B06}.Debug|Any CPU.Build.0 = Debug|Any CPU
		{7A5F288E-07FD-450B-9C14-11C8AEDD2B06}.Debug|x64.ActiveCfg = Debug|Any CPU
		{7A5F288E-07FD-450B-9C14-11C8AEDD2B06}.Debug|x64.Build.0 = Debug|Any CPU
		{7A5F288E-07FD-450B-9C14-11C8AEDD2B06}.Debug|x86.ActiveCfg = Debug|Any CPU
		{7A5F288E-07FD-450B-9C14-11C8AEDD2B06}.Debug|x86.Build.0 = Debug|Any CPU
		{7A5F288E-07FD-450B-9C14-11C8AEDD2B06}.DebugLocal|Any CPU.ActiveCfg = Debug|Any CPU
		{7A5F288E-07FD-450B-9C14-11C8AEDD2B06}.DebugLocal|Any CPU.Build.0 = Debug|Any CPU
		{7A5F288E-07FD-450B-9C14-11C8AEDD2B06}.DebugLocal|x64.ActiveCfg = Debug|Any CPU
		{7A5F288E-07FD-450B-9C14-11C8AEDD2B06}.DebugLocal|x64.Build.0 = Debug|Any CPU
		{7A5F288E-07FD-450B-9C14-11C8AEDD2B06}.DebugLocal|x86.ActiveCfg = Debug|Any CPU
		{7A5F288E-07FD-450B-9C14-11C8AEDD2B06}.DebugLocal|x86.Build.0 = Debug|Any CPU
		{7A5F288E-07FD-450B-9C14-11C8AEDD2B06}.DebugTests|Any CPU.ActiveCfg = Debug|Any CPU
		{7A5F288E-07FD-450B-9C14-11C8AEDD2B06}.DebugTests|Any CPU.Build.0 = Debug|Any CPU
		{7A5F288E-07FD-450B-9C14-11C8AEDD2B06}.DebugTests|x64.ActiveCfg = Debug|Any CPU
		{7A5F288E-07FD-450B-9C14-11C8AEDD2B06}.DebugTests|x64.Build.0 = Debug|Any CPU
		{7A5F288E-07FD-450B-9C14-11C8AEDD2B06}.DebugTests|x86.ActiveCfg = Debug|Any CPU
		{7A5F288E-07FD-450B-9C14-11C8AEDD2B06}.DebugTests|x86.Build.0 = Debug|Any CPU
		{7A5F288E-07FD-450B-9C14-11C8AEDD2B06}.Release|Any CPU.ActiveCfg = Release|Any CPU
		{7A5F288E-07FD-450B-9C14-11C8AEDD2B06}.Release|Any CPU.Build.0 = Release|Any CPU
		{7A5F288E-07FD-450B-9C14-11C8AEDD2B06}.Release|x64.ActiveCfg = Release|Any CPU
		{7A5F288E-07FD-450B-9C14-11C8AEDD2B06}.Release|x64.Build.0 = Release|Any CPU
		{7A5F288E-07FD-450B-9C14-11C8AEDD2B06}.Release|x86.ActiveCfg = Release|Any CPU
		{7A5F288E-07FD-450B-9C14-11C8AEDD2B06}.Release|x86.Build.0 = Release|Any CPU
		{50941279-838E-4EDB-BF56-19667FD05DD0}.Debug|Any CPU.ActiveCfg = Debug|Any CPU
		{50941279-838E-4EDB-BF56-19667FD05DD0}.Debug|Any CPU.Build.0 = Debug|Any CPU
		{50941279-838E-4EDB-BF56-19667FD05DD0}.Debug|x64.ActiveCfg = Debug|Any CPU
		{50941279-838E-4EDB-BF56-19667FD05DD0}.Debug|x64.Build.0 = Debug|Any CPU
		{50941279-838E-4EDB-BF56-19667FD05DD0}.Debug|x86.ActiveCfg = Debug|Any CPU
		{50941279-838E-4EDB-BF56-19667FD05DD0}.Debug|x86.Build.0 = Debug|Any CPU
		{50941279-838E-4EDB-BF56-19667FD05DD0}.DebugLocal|Any CPU.ActiveCfg = Debug|Any CPU
		{50941279-838E-4EDB-BF56-19667FD05DD0}.DebugLocal|Any CPU.Build.0 = Debug|Any CPU
		{50941279-838E-4EDB-BF56-19667FD05DD0}.DebugLocal|x64.ActiveCfg = Debug|Any CPU
		{50941279-838E-4EDB-BF56-19667FD05DD0}.DebugLocal|x64.Build.0 = Debug|Any CPU
		{50941279-838E-4EDB-BF56-19667FD05DD0}.DebugLocal|x86.ActiveCfg = Debug|Any CPU
		{50941279-838E-4EDB-BF56-19667FD05DD0}.DebugLocal|x86.Build.0 = Debug|Any CPU
		{50941279-838E-4EDB-BF56-19667FD05DD0}.DebugTests|Any CPU.ActiveCfg = Debug|Any CPU
		{50941279-838E-4EDB-BF56-19667FD05DD0}.DebugTests|Any CPU.Build.0 = Debug|Any CPU
		{50941279-838E-4EDB-BF56-19667FD05DD0}.DebugTests|x64.ActiveCfg = Debug|Any CPU
		{50941279-838E-4EDB-BF56-19667FD05DD0}.DebugTests|x64.Build.0 = Debug|Any CPU
		{50941279-838E-4EDB-BF56-19667FD05DD0}.DebugTests|x86.ActiveCfg = Debug|Any CPU
		{50941279-838E-4EDB-BF56-19667FD05DD0}.DebugTests|x86.Build.0 = Debug|Any CPU
		{50941279-838E-4EDB-BF56-19667FD05DD0}.Release|Any CPU.ActiveCfg = Release|Any CPU
		{50941279-838E-4EDB-BF56-19667FD05DD0}.Release|Any CPU.Build.0 = Release|Any CPU
		{50941279-838E-4EDB-BF56-19667FD05DD0}.Release|x64.ActiveCfg = Release|Any CPU
		{50941279-838E-4EDB-BF56-19667FD05DD0}.Release|x64.Build.0 = Release|Any CPU
		{50941279-838E-4EDB-BF56-19667FD05DD0}.Release|x86.ActiveCfg = Release|Any CPU
		{50941279-838E-4EDB-BF56-19667FD05DD0}.Release|x86.Build.0 = Release|Any CPU
		{955D49EB-643A-4237-99A4-DF5CB90CECB1}.Debug|Any CPU.ActiveCfg = Debug|Any CPU
		{955D49EB-643A-4237-99A4-DF5CB90CECB1}.Debug|Any CPU.Build.0 = Debug|Any CPU
		{955D49EB-643A-4237-99A4-DF5CB90CECB1}.Debug|x64.ActiveCfg = Debug|Any CPU
		{955D49EB-643A-4237-99A4-DF5CB90CECB1}.Debug|x64.Build.0 = Debug|Any CPU
		{955D49EB-643A-4237-99A4-DF5CB90CECB1}.Debug|x86.ActiveCfg = Debug|Any CPU
		{955D49EB-643A-4237-99A4-DF5CB90CECB1}.Debug|x86.Build.0 = Debug|Any CPU
		{955D49EB-643A-4237-99A4-DF5CB90CECB1}.DebugLocal|Any CPU.ActiveCfg = Debug|Any CPU
		{955D49EB-643A-4237-99A4-DF5CB90CECB1}.DebugLocal|Any CPU.Build.0 = Debug|Any CPU
		{955D49EB-643A-4237-99A4-DF5CB90CECB1}.DebugLocal|x64.ActiveCfg = Debug|Any CPU
		{955D49EB-643A-4237-99A4-DF5CB90CECB1}.DebugLocal|x64.Build.0 = Debug|Any CPU
		{955D49EB-643A-4237-99A4-DF5CB90CECB1}.DebugLocal|x86.ActiveCfg = Debug|Any CPU
		{955D49EB-643A-4237-99A4-DF5CB90CECB1}.DebugLocal|x86.Build.0 = Debug|Any CPU
		{955D49EB-643A-4237-99A4-DF5CB90CECB1}.DebugTests|Any CPU.ActiveCfg = Debug|Any CPU
		{955D49EB-643A-4237-99A4-DF5CB90CECB1}.DebugTests|Any CPU.Build.0 = Debug|Any CPU
		{955D49EB-643A-4237-99A4-DF5CB90CECB1}.DebugTests|x64.ActiveCfg = Debug|Any CPU
		{955D49EB-643A-4237-99A4-DF5CB90CECB1}.DebugTests|x64.Build.0 = Debug|Any CPU
		{955D49EB-643A-4237-99A4-DF5CB90CECB1}.DebugTests|x86.ActiveCfg = Debug|Any CPU
		{955D49EB-643A-4237-99A4-DF5CB90CECB1}.DebugTests|x86.Build.0 = Debug|Any CPU
		{955D49EB-643A-4237-99A4-DF5CB90CECB1}.Release|Any CPU.ActiveCfg = Release|Any CPU
		{955D49EB-643A-4237-99A4-DF5CB90CECB1}.Release|Any CPU.Build.0 = Release|Any CPU
		{955D49EB-643A-4237-99A4-DF5CB90CECB1}.Release|x64.ActiveCfg = Release|Any CPU
		{955D49EB-643A-4237-99A4-DF5CB90CECB1}.Release|x64.Build.0 = Release|Any CPU
		{955D49EB-643A-4237-99A4-DF5CB90CECB1}.Release|x86.ActiveCfg = Release|Any CPU
		{955D49EB-643A-4237-99A4-DF5CB90CECB1}.Release|x86.Build.0 = Release|Any CPU
		{476563EE-BA0F-4775-B82F-B4583CBD0758}.Debug|Any CPU.ActiveCfg = Debug|Any CPU
		{476563EE-BA0F-4775-B82F-B4583CBD0758}.Debug|Any CPU.Build.0 = Debug|Any CPU
		{476563EE-BA0F-4775-B82F-B4583CBD0758}.Debug|x64.ActiveCfg = Debug|Any CPU
		{476563EE-BA0F-4775-B82F-B4583CBD0758}.Debug|x64.Build.0 = Debug|Any CPU
		{476563EE-BA0F-4775-B82F-B4583CBD0758}.Debug|x86.ActiveCfg = Debug|Any CPU
		{476563EE-BA0F-4775-B82F-B4583CBD0758}.Debug|x86.Build.0 = Debug|Any CPU
		{476563EE-BA0F-4775-B82F-B4583CBD0758}.DebugLocal|Any CPU.ActiveCfg = Debug|Any CPU
		{476563EE-BA0F-4775-B82F-B4583CBD0758}.DebugLocal|Any CPU.Build.0 = Debug|Any CPU
		{476563EE-BA0F-4775-B82F-B4583CBD0758}.DebugLocal|x64.ActiveCfg = Debug|Any CPU
		{476563EE-BA0F-4775-B82F-B4583CBD0758}.DebugLocal|x64.Build.0 = Debug|Any CPU
		{476563EE-BA0F-4775-B82F-B4583CBD0758}.DebugLocal|x86.ActiveCfg = Debug|Any CPU
		{476563EE-BA0F-4775-B82F-B4583CBD0758}.DebugLocal|x86.Build.0 = Debug|Any CPU
		{476563EE-BA0F-4775-B82F-B4583CBD0758}.DebugTests|Any CPU.ActiveCfg = Debug|Any CPU
		{476563EE-BA0F-4775-B82F-B4583CBD0758}.DebugTests|Any CPU.Build.0 = Debug|Any CPU
		{476563EE-BA0F-4775-B82F-B4583CBD0758}.DebugTests|x64.ActiveCfg = Debug|Any CPU
		{476563EE-BA0F-4775-B82F-B4583CBD0758}.DebugTests|x64.Build.0 = Debug|Any CPU
		{476563EE-BA0F-4775-B82F-B4583CBD0758}.DebugTests|x86.ActiveCfg = Debug|Any CPU
		{476563EE-BA0F-4775-B82F-B4583CBD0758}.DebugTests|x86.Build.0 = Debug|Any CPU
		{476563EE-BA0F-4775-B82F-B4583CBD0758}.Release|Any CPU.ActiveCfg = Release|Any CPU
		{476563EE-BA0F-4775-B82F-B4583CBD0758}.Release|Any CPU.Build.0 = Release|Any CPU
		{476563EE-BA0F-4775-B82F-B4583CBD0758}.Release|x64.ActiveCfg = Release|Any CPU
		{476563EE-BA0F-4775-B82F-B4583CBD0758}.Release|x64.Build.0 = Release|Any CPU
		{476563EE-BA0F-4775-B82F-B4583CBD0758}.Release|x86.ActiveCfg = Release|Any CPU
		{476563EE-BA0F-4775-B82F-B4583CBD0758}.Release|x86.Build.0 = Release|Any CPU
		{4234F78C-3F64-4233-80C5-913F74579DCA}.Debug|Any CPU.ActiveCfg = Debug|Any CPU
		{4234F78C-3F64-4233-80C5-913F74579DCA}.Debug|Any CPU.Build.0 = Debug|Any CPU
		{4234F78C-3F64-4233-80C5-913F74579DCA}.Debug|x64.ActiveCfg = Debug|Any CPU
		{4234F78C-3F64-4233-80C5-913F74579DCA}.Debug|x64.Build.0 = Debug|Any CPU
		{4234F78C-3F64-4233-80C5-913F74579DCA}.Debug|x86.ActiveCfg = Debug|Any CPU
		{4234F78C-3F64-4233-80C5-913F74579DCA}.Debug|x86.Build.0 = Debug|Any CPU
		{4234F78C-3F64-4233-80C5-913F74579DCA}.DebugLocal|Any CPU.ActiveCfg = Debug|Any CPU
		{4234F78C-3F64-4233-80C5-913F74579DCA}.DebugLocal|Any CPU.Build.0 = Debug|Any CPU
		{4234F78C-3F64-4233-80C5-913F74579DCA}.DebugLocal|x64.ActiveCfg = Debug|Any CPU
		{4234F78C-3F64-4233-80C5-913F74579DCA}.DebugLocal|x64.Build.0 = Debug|Any CPU
		{4234F78C-3F64-4233-80C5-913F74579DCA}.DebugLocal|x86.ActiveCfg = Debug|Any CPU
		{4234F78C-3F64-4233-80C5-913F74579DCA}.DebugLocal|x86.Build.0 = Debug|Any CPU
		{4234F78C-3F64-4233-80C5-913F74579DCA}.DebugTests|Any CPU.ActiveCfg = Debug|Any CPU
		{4234F78C-3F64-4233-80C5-913F74579DCA}.DebugTests|Any CPU.Build.0 = Debug|Any CPU
		{4234F78C-3F64-4233-80C5-913F74579DCA}.DebugTests|x64.ActiveCfg = Debug|Any CPU
		{4234F78C-3F64-4233-80C5-913F74579DCA}.DebugTests|x64.Build.0 = Debug|Any CPU
		{4234F78C-3F64-4233-80C5-913F74579DCA}.DebugTests|x86.ActiveCfg = Debug|Any CPU
		{4234F78C-3F64-4233-80C5-913F74579DCA}.DebugTests|x86.Build.0 = Debug|Any CPU
		{4234F78C-3F64-4233-80C5-913F74579DCA}.Release|Any CPU.ActiveCfg = Release|Any CPU
		{4234F78C-3F64-4233-80C5-913F74579DCA}.Release|Any CPU.Build.0 = Release|Any CPU
		{4234F78C-3F64-4233-80C5-913F74579DCA}.Release|x64.ActiveCfg = Release|Any CPU
		{4234F78C-3F64-4233-80C5-913F74579DCA}.Release|x64.Build.0 = Release|Any CPU
		{4234F78C-3F64-4233-80C5-913F74579DCA}.Release|x86.ActiveCfg = Release|Any CPU
		{4234F78C-3F64-4233-80C5-913F74579DCA}.Release|x86.Build.0 = Release|Any CPU
		{06ED557C-412F-45EA-8782-74C65B326B12}.Debug|Any CPU.ActiveCfg = Debug|Any CPU
		{06ED557C-412F-45EA-8782-74C65B326B12}.Debug|Any CPU.Build.0 = Debug|Any CPU
		{06ED557C-412F-45EA-8782-74C65B326B12}.Debug|x64.ActiveCfg = Debug|Any CPU
		{06ED557C-412F-45EA-8782-74C65B326B12}.Debug|x64.Build.0 = Debug|Any CPU
		{06ED557C-412F-45EA-8782-74C65B326B12}.Debug|x86.ActiveCfg = Debug|Any CPU
		{06ED557C-412F-45EA-8782-74C65B326B12}.Debug|x86.Build.0 = Debug|Any CPU
		{06ED557C-412F-45EA-8782-74C65B326B12}.DebugLocal|Any CPU.ActiveCfg = Debug|Any CPU
		{06ED557C-412F-45EA-8782-74C65B326B12}.DebugLocal|Any CPU.Build.0 = Debug|Any CPU
		{06ED557C-412F-45EA-8782-74C65B326B12}.DebugLocal|x64.ActiveCfg = Debug|Any CPU
		{06ED557C-412F-45EA-8782-74C65B326B12}.DebugLocal|x64.Build.0 = Debug|Any CPU
		{06ED557C-412F-45EA-8782-74C65B326B12}.DebugLocal|x86.ActiveCfg = Debug|Any CPU
		{06ED557C-412F-45EA-8782-74C65B326B12}.DebugLocal|x86.Build.0 = Debug|Any CPU
		{06ED557C-412F-45EA-8782-74C65B326B12}.DebugTests|Any CPU.ActiveCfg = Debug|Any CPU
		{06ED557C-412F-45EA-8782-74C65B326B12}.DebugTests|Any CPU.Build.0 = Debug|Any CPU
		{06ED557C-412F-45EA-8782-74C65B326B12}.DebugTests|x64.ActiveCfg = Debug|Any CPU
		{06ED557C-412F-45EA-8782-74C65B326B12}.DebugTests|x64.Build.0 = Debug|Any CPU
		{06ED557C-412F-45EA-8782-74C65B326B12}.DebugTests|x86.ActiveCfg = Debug|Any CPU
		{06ED557C-412F-45EA-8782-74C65B326B12}.DebugTests|x86.Build.0 = Debug|Any CPU
		{06ED557C-412F-45EA-8782-74C65B326B12}.Release|Any CPU.ActiveCfg = Release|Any CPU
		{06ED557C-412F-45EA-8782-74C65B326B12}.Release|Any CPU.Build.0 = Release|Any CPU
		{06ED557C-412F-45EA-8782-74C65B326B12}.Release|x64.ActiveCfg = Release|Any CPU
		{06ED557C-412F-45EA-8782-74C65B326B12}.Release|x64.Build.0 = Release|Any CPU
		{06ED557C-412F-45EA-8782-74C65B326B12}.Release|x86.ActiveCfg = Release|Any CPU
		{06ED557C-412F-45EA-8782-74C65B326B12}.Release|x86.Build.0 = Release|Any CPU
	EndGlobalSection
	GlobalSection(SolutionProperties) = preSolution
		HideSolutionNode = FALSE
	EndGlobalSection
	GlobalSection(NestedProjects) = preSolution
		{50D44EF3-6768-4C8D-9AA7-87016FB3FDEE} = {AB29E770-A012-4773-823B-51F696E3B4F6}
		{CB99914A-2CF8-4047-8D63-8E760BA303A1} = {AB29E770-A012-4773-823B-51F696E3B4F6}
		{D659A788-2D0C-4E2D-8774-998BF4F3080B} = {AB29E770-A012-4773-823B-51F696E3B4F6}
		{A07B806E-69D6-452D-BB29-7ED80501C39F} = {AB29E770-A012-4773-823B-51F696E3B4F6}
		{8544FAAC-CC7F-4330-9C19-61A6FC91182C} = {AB29E770-A012-4773-823B-51F696E3B4F6}
		{7EB1AA44-A1A3-4141-A15F-B1790E27B43E} = {A3E4A45C-870F-4A7D-A969-ABF3051D76B8}
		{BCC1EC6F-8FCF-45CB-87FF-5744693A9ED4} = {AB29E770-A012-4773-823B-51F696E3B4F6}
		{EFBC4EED-183B-4E60-8E6D-A1753CBE42FA} = {AB29E770-A012-4773-823B-51F696E3B4F6}
		{54D90188-19AB-4FA3-8F25-878D11C92D4D} = {AB29E770-A012-4773-823B-51F696E3B4F6}
		{91142F5E-C914-4738-86FE-2BDA3D4B9509} = {AB29E770-A012-4773-823B-51F696E3B4F6}
		{C7BD55D0-CF95-4410-BC9B-7AD6794B814F} = {A3E4A45C-870F-4A7D-A969-ABF3051D76B8}
		{D71DD65D-7562-4439-93D6-3D295E5DACC5} = {32B57AF0-2425-455C-8EF3-69F065FBCEC3}
		{5255E1AB-7DEE-423D-9538-8B087D3B0ECC} = {AB29E770-A012-4773-823B-51F696E3B4F6}
		{14F0A52F-4A52-456E-B3A6-D157ED90ED78} = {AB29E770-A012-4773-823B-51F696E3B4F6}
		{285604C0-3A87-49EF-9A06-A4EE0B17D63A} = {521502EB-BC8A-48EA-BDF7-57E80244E5D9}
		{78F9C09E-3660-4EDA-8FA7-19AC110D78D3} = {AB29E770-A012-4773-823B-51F696E3B4F6}
		{AF274AE7-266C-4ED5-B1F2-E2A1C852DAA9} = {D71DD65D-7562-4439-93D6-3D295E5DACC5}
		{7A5F288E-07FD-450B-9C14-11C8AEDD2B06} = {AB29E770-A012-4773-823B-51F696E3B4F6}
		{50941279-838E-4EDB-BF56-19667FD05DD0} = {AB29E770-A012-4773-823B-51F696E3B4F6}
		{955D49EB-643A-4237-99A4-DF5CB90CECB1} = {35512787-AF95-4631-B520-B1D589AFD231}
		{476563EE-BA0F-4775-B82F-B4583CBD0758} = {AB29E770-A012-4773-823B-51F696E3B4F6}
		{4234F78C-3F64-4233-80C5-913F74579DCA} = {AB29E770-A012-4773-823B-51F696E3B4F6}
		{06ED557C-412F-45EA-8782-74C65B326B12} = {0E8F2789-3E5E-4A2B-B2AA-C82C55E1EDBE}
	EndGlobalSection
	GlobalSection(ExtensibilityGlobals) = postSolution
		SolutionGuid = {1FBBCDCF-EF03-4621-9894-35C829FA855F}
	EndGlobalSection
EndGlobal
