
Microsoft Visual Studio Solution File, Format Version 12.00
# Visual Studio 15
VisualStudioVersion = 15.0.28124.53
MinimumVisualStudioVersion = 10.0.40219.1
Project("{9A19103F-16F7-4668-BE54-9A1E7A4F7556}") = "P3.Driver.Times.DriverFactory", "P3.Driver.Times.DriverFactory\P3.Driver.Times.DriverFactory.csproj", "{2958669F-DBA7-4B06-9464-93F5DFF772DC}"
EndProject
Project("{9A19103F-16F7-4668-BE54-9A1E7A4F7556}") = "P3.Driver.Times.Tests", "Tests\P3.Driver.Times.Tests\P3.Driver.Times.Tests.csproj", "{B58486A1-6905-4A9E-ABB1-6053E795F529}"
EndProject
Global
	GlobalSection(SolutionConfigurationPlatforms) = preSolution
		Debug|Any CPU = Debug|Any CPU
		DebugLocal|Any CPU = DebugLocal|Any CPU
		Release|Any CPU = Release|Any CPU
	EndGlobalSection
	GlobalSection(ProjectConfigurationPlatforms) = postSolution
		{2958669F-DBA7-4B06-9464-93F5DFF772DC}.Debug|Any CPU.ActiveCfg = Debug|Any CPU
		{2958669F-DBA7-4B06-9464-93F5DFF772DC}.Debug|Any CPU.Build.0 = Debug|Any CPU
		{2958669F-DBA7-4B06-9464-93F5DFF772DC}.DebugLocal|Any CPU.ActiveCfg = DebugLocal|Any CPU
		{2958669F-DBA7-4B06-9464-93F5DFF772DC}.DebugLocal|Any CPU.Build.0 = DebugLocal|Any CPU
		{2958669F-DBA7-4B06-9464-93F5DFF772DC}.Release|Any CPU.ActiveCfg = Release|Any CPU
		{2958669F-DBA7-4B06-9464-93F5DFF772DC}.Release|Any CPU.Build.0 = Release|Any CPU
		{B58486A1-6905-4A9E-ABB1-6053E795F529}.Debug|Any CPU.ActiveCfg = Debug|Any CPU
		{B58486A1-6905-4A9E-ABB1-6053E795F529}.Debug|Any CPU.Build.0 = Debug|Any CPU
		{B58486A1-6905-4A9E-ABB1-6053E795F529}.DebugLocal|Any CPU.ActiveCfg = DebugLocal|Any CPU
		{B58486A1-6905-4A9E-ABB1-6053E795F529}.DebugLocal|Any CPU.Build.0 = DebugLocal|Any CPU
		{B58486A1-6905-4A9E-ABB1-6053E795F529}.Release|Any CPU.ActiveCfg = Release|Any CPU
		{B58486A1-6905-4A9E-ABB1-6053E795F529}.Release|Any CPU.Build.0 = Release|Any CPU
	EndGlobalSection
	GlobalSection(SolutionProperties) = preSolution
		HideSolutionNode = FALSE
	EndGlobalSection
	GlobalSection(ExtensibilityGlobals) = postSolution
		SolutionGuid = {BD91F5C5-A0CB-4243-8D4E-E04A2D844200}
	EndGlobalSection
EndGlobal
