Microsoft Visual Studio Solution File, Format Version 12.00
# Visual Studio 15
VisualStudioVersion = 15.0.28124.53
MinimumVisualStudioVersion = 10.0.40219.1
Project("{9A19103F-16F7-4668-BE54-9A1E7A4F7556}") = "P3.Driver.IkeaTradfriDriverFactory", "P3.Driver.IkeaTradfriDriverFactory\P3.Driver.IkeaTradfriDriverFactory.csproj", "{4D9A5074-1617-4E64-87A1-071FE59E0302}"
EndProject
Project("{FAE04EC0-301F-11D3-BF4B-00C04F79EFBC}") = "P3.Driver.IkeaTradfri", "P3.Driver.IkeaTradfri\P3.Driver.IkeaTradfri.csproj", "{E45F030A-A18C-4784-B9F9-9A71D4C42AD1}"
EndProject
Project("{FAE04EC0-301F-11D3-BF4B-00C04F79EFBC}") = "P3.Driver.IkeaTradfri.ConsoleTest", "P3.Driver.IkeaTradfri.ConsoleTest\P3.Driver.IkeaTradfri.ConsoleTest.csproj", "{D7E74922-C522-47C2-BFD7-220F1D80132D}"
EndProject
Global
	GlobalSection(SolutionConfigurationPlatforms) = preSolution
		Debug|Any CPU = Debug|Any CPU
		Release|Any CPU = Release|Any CPU
	EndGlobalSection
	GlobalSection(ProjectConfigurationPlatforms) = postSolution
		{4D9A5074-1617-4E64-87A1-071FE59E0302}.Debug|Any CPU.ActiveCfg = Debug|Any CPU
		{4D9A5074-1617-4E64-87A1-071FE59E0302}.Debug|Any CPU.Build.0 = Debug|Any CPU
		{4D9A5074-1617-4E64-87A1-071FE59E0302}.Release|Any CPU.ActiveCfg = Release|Any CPU
		{4D9A5074-1617-4E64-87A1-071FE59E0302}.Release|Any CPU.Build.0 = Release|Any CPU
		{E45F030A-A18C-4784-B9F9-9A71D4C42AD1}.Debug|Any CPU.ActiveCfg = Debug|Any CPU
		{E45F030A-A18C-4784-B9F9-9A71D4C42AD1}.Debug|Any CPU.Build.0 = Debug|Any CPU
		{E45F030A-A18C-4784-B9F9-9A71D4C42AD1}.Release|Any CPU.ActiveCfg = Release|Any CPU
		{E45F030A-A18C-4784-B9F9-9A71D4C42AD1}.Release|Any CPU.Build.0 = Release|Any CPU
		{D7E74922-C522-47C2-BFD7-220F1D80132D}.Debug|Any CPU.ActiveCfg = Debug|Any CPU
		{D7E74922-C522-47C2-BFD7-220F1D80132D}.Debug|Any CPU.Build.0 = Debug|Any CPU
		{D7E74922-C522-47C2-BFD7-220F1D80132D}.Release|Any CPU.ActiveCfg = Release|Any CPU
		{D7E74922-C522-47C2-BFD7-220F1D80132D}.Release|Any CPU.Build.0 = Release|Any CPU
	EndGlobalSection
	GlobalSection(SolutionProperties) = preSolution
		HideSolutionNode = FALSE
	EndGlobalSection
	GlobalSection(ExtensibilityGlobals) = postSolution
		SolutionGuid = {B60AC37E-67D6-4A77-9009-CF254B55B730}
	EndGlobalSection
EndGlobal
