
Microsoft Visual Studio Solution File, Format Version 12.00
# Visual Studio 15
VisualStudioVersion = 15.0.28124.53
MinimumVisualStudioVersion = 10.0.40219.1
Project("{9A19103F-16F7-4668-BE54-9A1E7A4F7556}") = "P3.Rule.Sonos", "P3.Rule.Sonos\P3.Rule.Sonos.csproj", "{2BFF9C23-06A4-4E6F-8BC5-0F92EF237346}"
EndProject
Project("{9A19103F-16F7-4668-BE54-9A1E7A4F7556}") = "P3.Rule.Sonos.Tests", "P3.Rule.Sonos.Test\P3.Rule.Sonos.Tests.csproj", "{0BF084B3-68A8-42F1-8355-94CE769377ED}"
EndProject
Global
	GlobalSection(SolutionConfigurationPlatforms) = preSolution
		Debug|Any CPU = Debug|Any CPU
		DebugLocal|Any CPU = DebugLocal|Any CPU
		Release|Any CPU = Release|Any CPU
	EndGlobalSection
	GlobalSection(ProjectConfigurationPlatforms) = postSolution
		{2BFF9C23-06A4-4E6F-8BC5-0F92EF237346}.Debug|Any CPU.ActiveCfg = Debug|Any CPU
		{2BFF9C23-06A4-4E6F-8BC5-0F92EF237346}.Debug|Any CPU.Build.0 = Debug|Any CPU
		{2BFF9C23-06A4-4E6F-8BC5-0F92EF237346}.DebugLocal|Any CPU.ActiveCfg = DebugLocal|Any CPU
		{2BFF9C23-06A4-4E6F-8BC5-0F92EF237346}.DebugLocal|Any CPU.Build.0 = DebugLocal|Any CPU
		{2BFF9C23-06A4-4E6F-8BC5-0F92EF237346}.Release|Any CPU.ActiveCfg = Release|Any CPU
		{2BFF9C23-06A4-4E6F-8BC5-0F92EF237346}.Release|Any CPU.Build.0 = Release|Any CPU
		{0BF084B3-68A8-42F1-8355-94CE769377ED}.Debug|Any CPU.ActiveCfg = Debug|Any CPU
		{0BF084B3-68A8-42F1-8355-94CE769377ED}.Debug|Any CPU.Build.0 = Debug|Any CPU
		{0BF084B3-68A8-42F1-8355-94CE769377ED}.DebugLocal|Any CPU.ActiveCfg = DebugLocal|Any CPU
		{0BF084B3-68A8-42F1-8355-94CE769377ED}.DebugLocal|Any CPU.Build.0 = DebugLocal|Any CPU
		{0BF084B3-68A8-42F1-8355-94CE769377ED}.Release|Any CPU.ActiveCfg = Release|Any CPU
		{0BF084B3-68A8-42F1-8355-94CE769377ED}.Release|Any CPU.Build.0 = Release|Any CPU
	EndGlobalSection
	GlobalSection(SolutionProperties) = preSolution
		HideSolutionNode = FALSE
	EndGlobalSection
	GlobalSection(ExtensibilityGlobals) = postSolution
		SolutionGuid = {67438BD6-4482-43E2-9164-FE6DB4B03C08}
	EndGlobalSection
EndGlobal
