
Microsoft Visual Studio Solution File, Format Version 12.00
# Visual Studio 15
VisualStudioVersion = 15.0.28124.53
MinimumVisualStudioVersion = 10.0.40219.1
Project("{9A19103F-16F7-4668-BE54-9A1E7A4F7556}") = "P3.Driver.EnOcean", "P3.Driver.EnOcean\P3.Driver.EnOcean.csproj", "{A39642E9-A6D8-420F-8B37-937283A776AF}"
EndProject
Project("{9A19103F-16F7-4668-BE54-9A1E7A4F7556}") = "P3.Driver.EepParser", "EEPParser\P3.Driver.EepParser\P3.Driver.EepParser.csproj", "{A3C6FEF6-8776-4F17-92C6-61B20E47C120}"
EndProject
Project("{9A19103F-16F7-4668-BE54-9A1E7A4F7556}") = "P3.Driver.EnOcean.DriverFactory", "P3.Driver.EnOcean.DriverFactory\P3.Driver.EnOcean.DriverFactory.csproj", "{1AFF3021-85D6-480C-B5E9-C0A2CCFBD23D}"
EndProject
Project("{9A19103F-16F7-4668-BE54-9A1E7A4F7556}") = "P3.Driver.EnOcean.Console", "Tests\P3.Driver.EnOcean.Console\P3.Driver.EnOcean.Console.csproj", "{57F8324A-6E74-4C26-90FF-BBBEAAB9C1A4}"
EndProject
Project("{2150E333-8FDC-42A3-9474-1A3956D46DE8}") = "Solution Items", "Solution Items", "{B1CD3365-0384-435D-B52E-B3623DF52D60}"
EndProject
Project("{9A19103F-16F7-4668-BE54-9A1E7A4F7556}") = "P3.Driver.EnOcean.Data.Tests", "Tests\P3.Driver.EnOcean.Data.Tests\P3.Driver.EnOcean.Data.Tests.csproj", "{7100059A-3475-41E5-AD51-8D7E979114E3}"
EndProject
Project("{9A19103F-16F7-4668-BE54-9A1E7A4F7556}") = "P3.Driver.EnOcean.DriverFactory.Tests", "Tests\P3.Driver.EnOcean.DriverFactory.Tests\P3.Driver.EnOcean.DriverFactory.Tests.csproj", "{CEBFD2C6-FCFB-4020-925C-72120E1C66A2}"
EndProject
Project("{9A19103F-16F7-4668-BE54-9A1E7A4F7556}") = "P3.Driver.EnOcean.Tests", "Tests\P3.Driver.EnOcean.Tests\P3.Driver.EnOcean.Tests.csproj", "{341E97AA-E4FE-4056-850B-00400756FA8F}"
EndProject
Global
	GlobalSection(SolutionConfigurationPlatforms) = preSolution
		Debug|Any CPU = Debug|Any CPU
		DebugLocal|Any CPU = DebugLocal|Any CPU
		Release|Any CPU = Release|Any CPU
	EndGlobalSection
	GlobalSection(ProjectConfigurationPlatforms) = postSolution
		{A39642E9-A6D8-420F-8B37-937283A776AF}.Debug|Any CPU.ActiveCfg = Debug|Any CPU
		{A39642E9-A6D8-420F-8B37-937283A776AF}.Debug|Any CPU.Build.0 = Debug|Any CPU
		{A39642E9-A6D8-420F-8B37-937283A776AF}.DebugLocal|Any CPU.ActiveCfg = DebugLocal|Any CPU
		{A39642E9-A6D8-420F-8B37-937283A776AF}.DebugLocal|Any CPU.Build.0 = DebugLocal|Any CPU
		{A39642E9-A6D8-420F-8B37-937283A776AF}.Release|Any CPU.ActiveCfg = Release|Any CPU
		{A39642E9-A6D8-420F-8B37-937283A776AF}.Release|Any CPU.Build.0 = Release|Any CPU
		{A3C6FEF6-8776-4F17-92C6-61B20E47C120}.Debug|Any CPU.ActiveCfg = Debug|Any CPU
		{A3C6FEF6-8776-4F17-92C6-61B20E47C120}.Debug|Any CPU.Build.0 = Debug|Any CPU
		{A3C6FEF6-8776-4F17-92C6-61B20E47C120}.DebugLocal|Any CPU.ActiveCfg = DebugLocal|Any CPU
		{A3C6FEF6-8776-4F17-92C6-61B20E47C120}.DebugLocal|Any CPU.Build.0 = DebugLocal|Any CPU
		{A3C6FEF6-8776-4F17-92C6-61B20E47C120}.Release|Any CPU.ActiveCfg = Release|Any CPU
		{A3C6FEF6-8776-4F17-92C6-61B20E47C120}.Release|Any CPU.Build.0 = Release|Any CPU
		{1AFF3021-85D6-480C-B5E9-C0A2CCFBD23D}.Debug|Any CPU.ActiveCfg = Debug|Any CPU
		{1AFF3021-85D6-480C-B5E9-C0A2CCFBD23D}.Debug|Any CPU.Build.0 = Debug|Any CPU
		{1AFF3021-85D6-480C-B5E9-C0A2CCFBD23D}.DebugLocal|Any CPU.ActiveCfg = DebugLocal|Any CPU
		{1AFF3021-85D6-480C-B5E9-C0A2CCFBD23D}.DebugLocal|Any CPU.Build.0 = DebugLocal|Any CPU
		{1AFF3021-85D6-480C-B5E9-C0A2CCFBD23D}.Release|Any CPU.ActiveCfg = Release|Any CPU
		{1AFF3021-85D6-480C-B5E9-C0A2CCFBD23D}.Release|Any CPU.Build.0 = Release|Any CPU
		{57F8324A-6E74-4C26-90FF-BBBEAAB9C1A4}.Debug|Any CPU.ActiveCfg = Debug|Any CPU
		{57F8324A-6E74-4C26-90FF-BBBEAAB9C1A4}.Debug|Any CPU.Build.0 = Debug|Any CPU
		{57F8324A-6E74-4C26-90FF-BBBEAAB9C1A4}.DebugLocal|Any CPU.ActiveCfg = DebugLocal|Any CPU
		{57F8324A-6E74-4C26-90FF-BBBEAAB9C1A4}.DebugLocal|Any CPU.Build.0 = DebugLocal|Any CPU
		{57F8324A-6E74-4C26-90FF-BBBEAAB9C1A4}.Release|Any CPU.ActiveCfg = Release|Any CPU
		{57F8324A-6E74-4C26-90FF-BBBEAAB9C1A4}.Release|Any CPU.Build.0 = Release|Any CPU
		{7100059A-3475-41E5-AD51-8D7E979114E3}.Debug|Any CPU.ActiveCfg = Debug|Any CPU
		{7100059A-3475-41E5-AD51-8D7E979114E3}.Debug|Any CPU.Build.0 = Debug|Any CPU
		{7100059A-3475-41E5-AD51-8D7E979114E3}.DebugLocal|Any CPU.ActiveCfg = DebugLocal|Any CPU
		{7100059A-3475-41E5-AD51-8D7E979114E3}.DebugLocal|Any CPU.Build.0 = DebugLocal|Any CPU
		{7100059A-3475-41E5-AD51-8D7E979114E3}.Release|Any CPU.ActiveCfg = Release|Any CPU
		{7100059A-3475-41E5-AD51-8D7E979114E3}.Release|Any CPU.Build.0 = Release|Any CPU
		{CEBFD2C6-FCFB-4020-925C-72120E1C66A2}.Debug|Any CPU.ActiveCfg = Debug|Any CPU
		{CEBFD2C6-FCFB-4020-925C-72120E1C66A2}.Debug|Any CPU.Build.0 = Debug|Any CPU
		{CEBFD2C6-FCFB-4020-925C-72120E1C66A2}.DebugLocal|Any CPU.ActiveCfg = DebugLocal|Any CPU
		{CEBFD2C6-FCFB-4020-925C-72120E1C66A2}.DebugLocal|Any CPU.Build.0 = DebugLocal|Any CPU
		{CEBFD2C6-FCFB-4020-925C-72120E1C66A2}.Release|Any CPU.ActiveCfg = Release|Any CPU
		{CEBFD2C6-FCFB-4020-925C-72120E1C66A2}.Release|Any CPU.Build.0 = Release|Any CPU
		{341E97AA-E4FE-4056-850B-00400756FA8F}.Debug|Any CPU.ActiveCfg = Debug|Any CPU
		{341E97AA-E4FE-4056-850B-00400756FA8F}.Debug|Any CPU.Build.0 = Debug|Any CPU
		{341E97AA-E4FE-4056-850B-00400756FA8F}.DebugLocal|Any CPU.ActiveCfg = DebugLocal|Any CPU
		{341E97AA-E4FE-4056-850B-00400756FA8F}.DebugLocal|Any CPU.Build.0 = DebugLocal|Any CPU
		{341E97AA-E4FE-4056-850B-00400756FA8F}.Release|Any CPU.ActiveCfg = Release|Any CPU
		{341E97AA-E4FE-4056-850B-00400756FA8F}.Release|Any CPU.Build.0 = Release|Any CPU
	EndGlobalSection
	GlobalSection(SolutionProperties) = preSolution
		HideSolutionNode = FALSE
	EndGlobalSection
	GlobalSection(ExtensibilityGlobals) = postSolution
		SolutionGuid = {E6E01F4D-3BE4-47DD-BAF0-3CE49BA74E56}
	EndGlobalSection
EndGlobal
